// !$*UTF8*$!
{
	archiveVersion = 1;
	classes = {
	};
	objectVersion = 46;
	objects = {

/* Begin PBXBuildFile section */
		0850E7B11C0ED16900829CF2 /* KODLocalizationSpec.m in Sources */ = {isa = PBXBuildFile; fileRef = 0850E7B01C0ED16900829CF2 /* KODLocalizationSpec.m */; };
		46480F381CEB732000A2FBB5 /* WebKit.framework in Frameworks */ = {isa = PBXBuildFile; fileRef = 46480F371CEB732000A2FBB5 /* WebKit.framework */; };
		4651C4541A3DDE9200800F1A /* KODWebViewController.m in Sources */ = {isa = PBXBuildFile; fileRef = 4651C4521A3DDE9200800F1A /* KODWebViewController.m */; };
		467F0EC21A2B6DE900A76845 /* Jockey.m in Sources */ = {isa = PBXBuildFile; fileRef = 467F0EC11A2B6DE900A76845 /* Jockey.m */; };
		467F0EDB1A2C6AC900A76845 /* KODRegistrationResult.m in Sources */ = {isa = PBXBuildFile; fileRef = 467F0ED91A2C696100A76845 /* KODRegistrationResult.m */; };
		468323D91A4ACCB60030B3F1 /* KODSpecHelper.m in Sources */ = {isa = PBXBuildFile; fileRef = 466387011A480DD20013429D /* KODSpecHelper.m */; };
		468323DA1A4ACCB60030B3F1 /* KODContextSpec.m in Sources */ = {isa = PBXBuildFile; fileRef = C9FC95401A278AAD00485500 /* KODContextSpec.m */; };
		468323DB1A4ACCB60030B3F1 /* KODCryptoSpec.m in Sources */ = {isa = PBXBuildFile; fileRef = 465CF58F1A42DB9E00EC092D /* KODCryptoSpec.m */; };
		468323DC1A4ACCB60030B3F1 /* KODOriginProofSpec.m in Sources */ = {isa = PBXBuildFile; fileRef = C9E7F25A1A405D0E0005205B /* KODOriginProofSpec.m */; };
		468323DD1A4ACCB60030B3F1 /* KODPreferencesViewControllerSpec.m in Sources */ = {isa = PBXBuildFile; fileRef = 4651C4441A3D93E300800F1A /* KODPreferencesViewControllerSpec.m */; };
		468323DE1A4ACCB60030B3F1 /* KODRegistrationViewControllerSpec.m in Sources */ = {isa = PBXBuildFile; fileRef = 46872D181A2B240000707282 /* KODRegistrationViewControllerSpec.m */; };
		468323DF1A4ACCB60030B3F1 /* KODUrlSpec.m in Sources */ = {isa = PBXBuildFile; fileRef = C903A2E01A2523B6009AE44D /* KODUrlSpec.m */; };
		46BC0B9E1AA886BA0036FF72 /* KODRegistrationSettings.m in Sources */ = {isa = PBXBuildFile; fileRef = 46BC0B9D1AA886BA0036FF72 /* KODRegistrationSettings.m */; };
		46D37ABD1A374A6500E6AC7A /* KODPreferencesViewController.m in Sources */ = {isa = PBXBuildFile; fileRef = 46D37ABC1A374A6500E6AC7A /* KODPreferencesViewController.m */; };
		73CD12607DD7D0CC727BC94C /* libPods-KlarnaOnDemandTests.a in Frameworks */ = {isa = PBXBuildFile; fileRef = F1C19DE204A578CB1EF928EA /* libPods-KlarnaOnDemandTests.a */; };
		C90D1C6C1A24CBD100016FE4 /* libKlarnaOnDemand.a in Frameworks */ = {isa = PBXBuildFile; fileRef = C90D1C601A24CBD100016FE4 /* libKlarnaOnDemand.a */; };
		C90D1C891A24CD2800016FE4 /* KODContext.m in Sources */ = {isa = PBXBuildFile; fileRef = C90D1C841A24CD2800016FE4 /* KODContext.m */; };
		C90D1C8A1A24CD2800016FE4 /* KODRegistrationViewController.m in Sources */ = {isa = PBXBuildFile; fileRef = C90D1C861A24CD2800016FE4 /* KODRegistrationViewController.m */; };
		C90D1C8B1A24CD2800016FE4 /* KODUrl.m in Sources */ = {isa = PBXBuildFile; fileRef = C90D1C881A24CD2800016FE4 /* KODUrl.m */; };
		C92CF9501A51999C00430691 /* KODRegistrationResultSpec.m in Sources */ = {isa = PBXBuildFile; fileRef = C92CF94F1A51999C00430691 /* KODRegistrationResultSpec.m */; };
		C954ABA71A345B5E00574C11 /* KODLocalization.m in Sources */ = {isa = PBXBuildFile; fileRef = C954ABA61A345B5E00574C11 /* KODLocalization.m */; };
		C954ABE11A35AB6300574C11 /* KOD.bundle in Resources */ = {isa = PBXBuildFile; fileRef = C954ABCD1A34950300574C11 /* KOD.bundle */; };
		C9E7F22E1A3F3FEA0005205B /* BDAESCBC256Cryptor.m in Sources */ = {isa = PBXBuildFile; fileRef = C9E7F1FB1A3F3FEA0005205B /* BDAESCBC256Cryptor.m */; };
		C9E7F22F1A3F3FEA0005205B /* BDAESCryptor.m in Sources */ = {isa = PBXBuildFile; fileRef = C9E7F1FD1A3F3FEA0005205B /* BDAESCryptor.m */; };
		C9E7F2301A3F3FEA0005205B /* BDCryptor.m in Sources */ = {isa = PBXBuildFile; fileRef = C9E7F1FF1A3F3FEA0005205B /* BDCryptor.m */; };
		C9E7F2311A3F3FEA0005205B /* BDCryptorError.m in Sources */ = {isa = PBXBuildFile; fileRef = C9E7F2011A3F3FEA0005205B /* BDCryptorError.m */; };
		C9E7F2321A3F3FEA0005205B /* BDRSACryptor.m in Sources */ = {isa = PBXBuildFile; fileRef = C9E7F2031A3F3FEA0005205B /* BDRSACryptor.m */; };
		C9E7F2331A3F3FEA0005205B /* BDRSACryptorKeyPair.m in Sources */ = {isa = PBXBuildFile; fileRef = C9E7F2051A3F3FEA0005205B /* BDRSACryptorKeyPair.m */; };
		C9E7F2341A3F3FEA0005205B /* BDSHA512Cryptor.m in Sources */ = {isa = PBXBuildFile; fileRef = C9E7F2071A3F3FEA0005205B /* BDSHA512Cryptor.m */; };
		C9E7F2351A3F3FEA0005205B /* NSData+Base64.m in Sources */ = {isa = PBXBuildFile; fileRef = C9E7F20C1A3F3FEA0005205B /* NSData+Base64.m */; };
		C9E7F2361A3F3FEA0005205B /* NSString+Base64.m in Sources */ = {isa = PBXBuildFile; fileRef = C9E7F20E1A3F3FEA0005205B /* NSString+Base64.m */; };
		C9E7F2371A3F3FEA0005205B /* BDJSONError.m in Sources */ = {isa = PBXBuildFile; fileRef = C9E7F2151A3F3FEA0005205B /* BDJSONError.m */; };
		C9E7F2381A3F3FEA0005205B /* NSArray+BDJSONSerialization.m in Sources */ = {isa = PBXBuildFile; fileRef = C9E7F2171A3F3FEA0005205B /* NSArray+BDJSONSerialization.m */; };
		C9E7F2391A3F3FEA0005205B /* NSData+BDJSONSerialization.m in Sources */ = {isa = PBXBuildFile; fileRef = C9E7F2191A3F3FEA0005205B /* NSData+BDJSONSerialization.m */; };
		C9E7F23A1A3F3FEA0005205B /* NSDictionary+BDJSONSerialization.m in Sources */ = {isa = PBXBuildFile; fileRef = C9E7F21B1A3F3FEA0005205B /* NSDictionary+BDJSONSerialization.m */; };
		C9E7F23B1A3F3FEA0005205B /* NSDictionary+BDParseJSON.m in Sources */ = {isa = PBXBuildFile; fileRef = C9E7F21D1A3F3FEA0005205B /* NSDictionary+BDParseJSON.m */; };
		C9E7F23C1A3F3FEA0005205B /* NSObject+BDJSONSerialization.m in Sources */ = {isa = PBXBuildFile; fileRef = C9E7F21F1A3F3FEA0005205B /* NSObject+BDJSONSerialization.m */; };
		C9E7F23D1A3F3FEA0005205B /* NSString+BDJSONSerialization.m in Sources */ = {isa = PBXBuildFile; fileRef = C9E7F2211A3F3FEA0005205B /* NSString+BDJSONSerialization.m */; };
		C9E7F23E1A3F3FEA0005205B /* NSString+BDUtilities.m in Sources */ = {isa = PBXBuildFile; fileRef = C9E7F2241A3F3FEA0005205B /* NSString+BDUtilities.m */; };
		C9E7F23F1A3F3FEA0005205B /* BDError.m in Sources */ = {isa = PBXBuildFile; fileRef = C9E7F2271A3F3FEA0005205B /* BDError.m */; };
		C9E7F2421A3F45170005205B /* KODCrypto.m in Sources */ = {isa = PBXBuildFile; fileRef = C9E7F2411A3F45170005205B /* KODCrypto.m */; };
		C9E7F2451A3F4A410005205B /* KODOriginProof.m in Sources */ = {isa = PBXBuildFile; fileRef = C9E7F2441A3F4A410005205B /* KODOriginProof.m */; };
/* End PBXBuildFile section */

/* Begin PBXContainerItemProxy section */
		C90D1C6D1A24CBD100016FE4 /* PBXContainerItemProxy */ = {
			isa = PBXContainerItemProxy;
			containerPortal = C90D1C581A24CBD100016FE4 /* Project object */;
			proxyType = 1;
			remoteGlobalIDString = C90D1C5F1A24CBD100016FE4;
			remoteInfo = KlarnaOnDemand;
		};
/* End PBXContainerItemProxy section */

/* Begin PBXCopyFilesBuildPhase section */
		C90D1C5E1A24CBD100016FE4 /* CopyFiles */ = {
			isa = PBXCopyFilesBuildPhase;
			buildActionMask = 2147483647;
			dstPath = "include/$(PRODUCT_NAME)";
			dstSubfolderSpec = 16;
			files = (
			);
			runOnlyForDeploymentPostprocessing = 0;
		};
/* End PBXCopyFilesBuildPhase section */

/* Begin PBXFileReference section */
		00D36FCDF89E631DEE662786 /* Pods-KlarnaOnDemandTests.debug.xcconfig */ = {isa = PBXFileReference; includeInIndex = 1; lastKnownFileType = text.xcconfig; name = "Pods-KlarnaOnDemandTests.debug.xcconfig"; path = "Pods/Target Support Files/Pods-KlarnaOnDemandTests/Pods-KlarnaOnDemandTests.debug.xcconfig"; sourceTree = "<group>"; };
		0850E7B01C0ED16900829CF2 /* KODLocalizationSpec.m */ = {isa = PBXFileReference; fileEncoding = 4; lastKnownFileType = sourcecode.c.objc; path = KODLocalizationSpec.m; sourceTree = "<group>"; };
		460FDB621A4974A200CF327B /* libPods-KlarnaOnDemandTests-Kiwi.a */ = {isa = PBXFileReference; lastKnownFileType = archive.ar; name = "libPods-KlarnaOnDemandTests-Kiwi.a"; path = "Pods/build/Debug-iphoneos/libPods-KlarnaOnDemandTests-Kiwi.a"; sourceTree = "<group>"; };
		46480F371CEB732000A2FBB5 /* WebKit.framework */ = {isa = PBXFileReference; lastKnownFileType = wrapper.framework; name = WebKit.framework; path = System/Library/Frameworks/WebKit.framework; sourceTree = SDKROOT; };
		4651C40E1A38A4BC00800F1A /* KODWebViewController+Protected.h */ = {isa = PBXFileReference; fileEncoding = 4; lastKnownFileType = sourcecode.c.h; name = "KODWebViewController+Protected.h"; path = "KlarnaOnDemand/KODWebViewController+Protected.h"; sourceTree = SOURCE_ROOT; };
		4651C4441A3D93E300800F1A /* KODPreferencesViewControllerSpec.m */ = {isa = PBXFileReference; fileEncoding = 4; lastKnownFileType = sourcecode.c.objc; path = KODPreferencesViewControllerSpec.m; sourceTree = "<group>"; };
		4651C4511A3DDE9200800F1A /* KODWebViewController.h */ = {isa = PBXFileReference; lastKnownFileType = sourcecode.c.h; name = KODWebViewController.h; path = ../KlarnaOnDemand/KODWebViewController.h; sourceTree = "<group>"; };
		4651C4521A3DDE9200800F1A /* KODWebViewController.m */ = {isa = PBXFileReference; lastKnownFileType = sourcecode.c.objc; name = KODWebViewController.m; path = ../KlarnaOnDemand/KODWebViewController.m; sourceTree = "<group>"; };
		465CF58F1A42DB9E00EC092D /* KODCryptoSpec.m */ = {isa = PBXFileReference; fileEncoding = 4; lastKnownFileType = sourcecode.c.objc; path = KODCryptoSpec.m; sourceTree = "<group>"; };
		466387001A480DD20013429D /* KODSpecHelper.h */ = {isa = PBXFileReference; fileEncoding = 4; lastKnownFileType = sourcecode.c.h; path = KODSpecHelper.h; sourceTree = "<group>"; };
		466387011A480DD20013429D /* KODSpecHelper.m */ = {isa = PBXFileReference; fileEncoding = 4; lastKnownFileType = sourcecode.c.objc; path = KODSpecHelper.m; sourceTree = "<group>"; };
		467F0EC01A2B6DE900A76845 /* Jockey.h */ = {isa = PBXFileReference; fileEncoding = 4; lastKnownFileType = sourcecode.c.h; name = Jockey.h; path = 3rdParty/JockeyJS/Jockey.h; sourceTree = "<group>"; };
		467F0EC11A2B6DE900A76845 /* Jockey.m */ = {isa = PBXFileReference; fileEncoding = 4; lastKnownFileType = sourcecode.c.objc; name = Jockey.m; path = 3rdParty/JockeyJS/Jockey.m; sourceTree = "<group>"; };
		467F0ED81A2C696100A76845 /* KODRegistrationResult.h */ = {isa = PBXFileReference; fileEncoding = 4; lastKnownFileType = sourcecode.c.h; name = KODRegistrationResult.h; path = KlarnaOnDemand/KODRegistrationResult.h; sourceTree = SOURCE_ROOT; };
		467F0ED91A2C696100A76845 /* KODRegistrationResult.m */ = {isa = PBXFileReference; fileEncoding = 4; lastKnownFileType = sourcecode.c.objc; name = KODRegistrationResult.m; path = KlarnaOnDemand/KODRegistrationResult.m; sourceTree = SOURCE_ROOT; };
		46872D181A2B240000707282 /* KODRegistrationViewControllerSpec.m */ = {isa = PBXFileReference; fileEncoding = 4; lastKnownFileType = sourcecode.c.objc; path = KODRegistrationViewControllerSpec.m; sourceTree = "<group>"; };
		46BC0B9C1AA886BA0036FF72 /* KODRegistrationSettings.h */ = {isa = PBXFileReference; fileEncoding = 4; lastKnownFileType = sourcecode.c.h; path = KODRegistrationSettings.h; sourceTree = "<group>"; };
		46BC0B9D1AA886BA0036FF72 /* KODRegistrationSettings.m */ = {isa = PBXFileReference; fileEncoding = 4; lastKnownFileType = sourcecode.c.objc; path = KODRegistrationSettings.m; sourceTree = "<group>"; };
		46D37ABB1A374A6500E6AC7A /* KODPreferencesViewController.h */ = {isa = PBXFileReference; fileEncoding = 4; lastKnownFileType = sourcecode.c.h; name = KODPreferencesViewController.h; path = ../KlarnaOnDemand/KODPreferencesViewController.h; sourceTree = "<group>"; };
		46D37ABC1A374A6500E6AC7A /* KODPreferencesViewController.m */ = {isa = PBXFileReference; fileEncoding = 4; lastKnownFileType = sourcecode.c.objc; name = KODPreferencesViewController.m; path = ../KlarnaOnDemand/KODPreferencesViewController.m; sourceTree = "<group>"; };
		C903A2DD1A2523A8009AE44D /* KlarnaOnDemandTests.pch */ = {isa = PBXFileReference; fileEncoding = 4; lastKnownFileType = sourcecode.c.h; path = KlarnaOnDemandTests.pch; sourceTree = "<group>"; };
		C903A2DE1A2523A8009AE44D /* KlarnaOnDemandTests.plist */ = {isa = PBXFileReference; fileEncoding = 4; lastKnownFileType = text.plist.xml; path = KlarnaOnDemandTests.plist; sourceTree = "<group>"; };
		C903A2E01A2523B6009AE44D /* KODUrlSpec.m */ = {isa = PBXFileReference; fileEncoding = 4; lastKnownFileType = sourcecode.c.objc; path = KODUrlSpec.m; sourceTree = "<group>"; };
		C90D1C601A24CBD100016FE4 /* libKlarnaOnDemand.a */ = {isa = PBXFileReference; explicitFileType = archive.ar; includeInIndex = 0; path = libKlarnaOnDemand.a; sourceTree = BUILT_PRODUCTS_DIR; };
		C90D1C6B1A24CBD100016FE4 /* KlarnaOnDemandTests.xctest */ = {isa = PBXFileReference; explicitFileType = wrapper.cfbundle; includeInIndex = 0; path = KlarnaOnDemandTests.xctest; sourceTree = BUILT_PRODUCTS_DIR; };
		C90D1C831A24CD2800016FE4 /* KODContext.h */ = {isa = PBXFileReference; fileEncoding = 4; lastKnownFileType = sourcecode.c.h; path = KODContext.h; sourceTree = "<group>"; };
		C90D1C841A24CD2800016FE4 /* KODContext.m */ = {isa = PBXFileReference; fileEncoding = 4; lastKnownFileType = sourcecode.c.objc; path = KODContext.m; sourceTree = "<group>"; };
		C90D1C851A24CD2800016FE4 /* KODRegistrationViewController.h */ = {isa = PBXFileReference; fileEncoding = 4; lastKnownFileType = sourcecode.c.h; path = KODRegistrationViewController.h; sourceTree = "<group>"; };
		C90D1C861A24CD2800016FE4 /* KODRegistrationViewController.m */ = {isa = PBXFileReference; fileEncoding = 4; lastKnownFileType = sourcecode.c.objc; path = KODRegistrationViewController.m; sourceTree = "<group>"; };
		C90D1C871A24CD2800016FE4 /* KODUrl.h */ = {isa = PBXFileReference; fileEncoding = 4; lastKnownFileType = sourcecode.c.h; path = KODUrl.h; sourceTree = "<group>"; };
		C90D1C881A24CD2800016FE4 /* KODUrl.m */ = {isa = PBXFileReference; fileEncoding = 4; lastKnownFileType = sourcecode.c.objc; path = KODUrl.m; sourceTree = "<group>"; };
		C92CF94F1A51999C00430691 /* KODRegistrationResultSpec.m */ = {isa = PBXFileReference; fileEncoding = 4; lastKnownFileType = sourcecode.c.objc; path = KODRegistrationResultSpec.m; sourceTree = "<group>"; };
		C954ABA51A345B5E00574C11 /* KODLocalization.h */ = {isa = PBXFileReference; fileEncoding = 4; lastKnownFileType = sourcecode.c.h; name = KODLocalization.h; path = KlarnaOnDemand/KODLocalization.h; sourceTree = SOURCE_ROOT; };
		C954ABA61A345B5E00574C11 /* KODLocalization.m */ = {isa = PBXFileReference; fileEncoding = 4; lastKnownFileType = sourcecode.c.objc; name = KODLocalization.m; path = KlarnaOnDemand/KODLocalization.m; sourceTree = SOURCE_ROOT; };
		C954ABCD1A34950300574C11 /* KOD.bundle */ = {isa = PBXFileReference; lastKnownFileType = "wrapper.plug-in"; name = KOD.bundle; path = KlarnaOnDemand/KOD.bundle; sourceTree = SOURCE_ROOT; };
		C9E7F1FA1A3F3FEA0005205B /* BDAESCBC256Cryptor.h */ = {isa = PBXFileReference; fileEncoding = 4; lastKnownFileType = sourcecode.c.h; path = BDAESCBC256Cryptor.h; sourceTree = "<group>"; };
		C9E7F1FB1A3F3FEA0005205B /* BDAESCBC256Cryptor.m */ = {isa = PBXFileReference; fileEncoding = 4; lastKnownFileType = sourcecode.c.objc; path = BDAESCBC256Cryptor.m; sourceTree = "<group>"; };
		C9E7F1FC1A3F3FEA0005205B /* BDAESCryptor.h */ = {isa = PBXFileReference; fileEncoding = 4; lastKnownFileType = sourcecode.c.h; path = BDAESCryptor.h; sourceTree = "<group>"; };
		C9E7F1FD1A3F3FEA0005205B /* BDAESCryptor.m */ = {isa = PBXFileReference; fileEncoding = 4; lastKnownFileType = sourcecode.c.objc; path = BDAESCryptor.m; sourceTree = "<group>"; };
		C9E7F1FE1A3F3FEA0005205B /* BDCryptor.h */ = {isa = PBXFileReference; fileEncoding = 4; lastKnownFileType = sourcecode.c.h; path = BDCryptor.h; sourceTree = "<group>"; };
		C9E7F1FF1A3F3FEA0005205B /* BDCryptor.m */ = {isa = PBXFileReference; fileEncoding = 4; lastKnownFileType = sourcecode.c.objc; path = BDCryptor.m; sourceTree = "<group>"; };
		C9E7F2001A3F3FEA0005205B /* BDCryptorError.h */ = {isa = PBXFileReference; fileEncoding = 4; lastKnownFileType = sourcecode.c.h; path = BDCryptorError.h; sourceTree = "<group>"; };
		C9E7F2011A3F3FEA0005205B /* BDCryptorError.m */ = {isa = PBXFileReference; fileEncoding = 4; lastKnownFileType = sourcecode.c.objc; path = BDCryptorError.m; sourceTree = "<group>"; };
		C9E7F2021A3F3FEA0005205B /* BDRSACryptor.h */ = {isa = PBXFileReference; fileEncoding = 4; lastKnownFileType = sourcecode.c.h; path = BDRSACryptor.h; sourceTree = "<group>"; };
		C9E7F2031A3F3FEA0005205B /* BDRSACryptor.m */ = {isa = PBXFileReference; fileEncoding = 4; lastKnownFileType = sourcecode.c.objc; path = BDRSACryptor.m; sourceTree = "<group>"; };
		C9E7F2041A3F3FEA0005205B /* BDRSACryptorKeyPair.h */ = {isa = PBXFileReference; fileEncoding = 4; lastKnownFileType = sourcecode.c.h; path = BDRSACryptorKeyPair.h; sourceTree = "<group>"; };
		C9E7F2051A3F3FEA0005205B /* BDRSACryptorKeyPair.m */ = {isa = PBXFileReference; fileEncoding = 4; lastKnownFileType = sourcecode.c.objc; path = BDRSACryptorKeyPair.m; sourceTree = "<group>"; };
		C9E7F2061A3F3FEA0005205B /* BDSHA512Cryptor.h */ = {isa = PBXFileReference; fileEncoding = 4; lastKnownFileType = sourcecode.c.h; path = BDSHA512Cryptor.h; sourceTree = "<group>"; };
		C9E7F2071A3F3FEA0005205B /* BDSHA512Cryptor.m */ = {isa = PBXFileReference; fileEncoding = 4; lastKnownFileType = sourcecode.c.objc; path = BDSHA512Cryptor.m; sourceTree = "<group>"; };
		C9E7F2081A3F3FEA0005205B /* Crypto-Prefix.pch */ = {isa = PBXFileReference; fileEncoding = 4; lastKnownFileType = sourcecode.c.h; path = "Crypto-Prefix.pch"; sourceTree = "<group>"; };
		C9E7F20C1A3F3FEA0005205B /* NSData+Base64.m */ = {isa = PBXFileReference; fileEncoding = 4; lastKnownFileType = sourcecode.c.objc; path = "NSData+Base64.m"; sourceTree = "<group>"; };
		C9E7F20D1A3F3FEA0005205B /* NSString+Base64.h */ = {isa = PBXFileReference; fileEncoding = 4; lastKnownFileType = sourcecode.c.h; path = "NSString+Base64.h"; sourceTree = "<group>"; };
		C9E7F20E1A3F3FEA0005205B /* NSString+Base64.m */ = {isa = PBXFileReference; fileEncoding = 4; lastKnownFileType = sourcecode.c.objc; path = "NSString+Base64.m"; sourceTree = "<group>"; };
		C9E7F2131A3F3FEA0005205B /* BDJSON.h */ = {isa = PBXFileReference; fileEncoding = 4; lastKnownFileType = sourcecode.c.h; path = BDJSON.h; sourceTree = "<group>"; };
		C9E7F2141A3F3FEA0005205B /* BDJSONError.h */ = {isa = PBXFileReference; fileEncoding = 4; lastKnownFileType = sourcecode.c.h; path = BDJSONError.h; sourceTree = "<group>"; };
		C9E7F2151A3F3FEA0005205B /* BDJSONError.m */ = {isa = PBXFileReference; fileEncoding = 4; lastKnownFileType = sourcecode.c.objc; path = BDJSONError.m; sourceTree = "<group>"; };
		C9E7F2161A3F3FEA0005205B /* NSArray+BDJSONSerialization.h */ = {isa = PBXFileReference; fileEncoding = 4; lastKnownFileType = sourcecode.c.h; path = "NSArray+BDJSONSerialization.h"; sourceTree = "<group>"; };
		C9E7F2171A3F3FEA0005205B /* NSArray+BDJSONSerialization.m */ = {isa = PBXFileReference; fileEncoding = 4; lastKnownFileType = sourcecode.c.objc; path = "NSArray+BDJSONSerialization.m"; sourceTree = "<group>"; };
		C9E7F2181A3F3FEA0005205B /* NSData+BDJSONSerialization.h */ = {isa = PBXFileReference; fileEncoding = 4; lastKnownFileType = sourcecode.c.h; path = "NSData+BDJSONSerialization.h"; sourceTree = "<group>"; };
		C9E7F2191A3F3FEA0005205B /* NSData+BDJSONSerialization.m */ = {isa = PBXFileReference; fileEncoding = 4; lastKnownFileType = sourcecode.c.objc; path = "NSData+BDJSONSerialization.m"; sourceTree = "<group>"; };
		C9E7F21A1A3F3FEA0005205B /* NSDictionary+BDJSONSerialization.h */ = {isa = PBXFileReference; fileEncoding = 4; lastKnownFileType = sourcecode.c.h; path = "NSDictionary+BDJSONSerialization.h"; sourceTree = "<group>"; };
		C9E7F21B1A3F3FEA0005205B /* NSDictionary+BDJSONSerialization.m */ = {isa = PBXFileReference; fileEncoding = 4; lastKnownFileType = sourcecode.c.objc; path = "NSDictionary+BDJSONSerialization.m"; sourceTree = "<group>"; };
		C9E7F21C1A3F3FEA0005205B /* NSDictionary+BDParseJSON.h */ = {isa = PBXFileReference; fileEncoding = 4; lastKnownFileType = sourcecode.c.h; path = "NSDictionary+BDParseJSON.h"; sourceTree = "<group>"; };
		C9E7F21D1A3F3FEA0005205B /* NSDictionary+BDParseJSON.m */ = {isa = PBXFileReference; fileEncoding = 4; lastKnownFileType = sourcecode.c.objc; path = "NSDictionary+BDParseJSON.m"; sourceTree = "<group>"; };
		C9E7F21E1A3F3FEA0005205B /* NSObject+BDJSONSerialization.h */ = {isa = PBXFileReference; fileEncoding = 4; lastKnownFileType = sourcecode.c.h; path = "NSObject+BDJSONSerialization.h"; sourceTree = "<group>"; };
		C9E7F21F1A3F3FEA0005205B /* NSObject+BDJSONSerialization.m */ = {isa = PBXFileReference; fileEncoding = 4; lastKnownFileType = sourcecode.c.objc; path = "NSObject+BDJSONSerialization.m"; sourceTree = "<group>"; };
		C9E7F2201A3F3FEA0005205B /* NSString+BDJSONSerialization.h */ = {isa = PBXFileReference; fileEncoding = 4; lastKnownFileType = sourcecode.c.h; path = "NSString+BDJSONSerialization.h"; sourceTree = "<group>"; };
		C9E7F2211A3F3FEA0005205B /* NSString+BDJSONSerialization.m */ = {isa = PBXFileReference; fileEncoding = 4; lastKnownFileType = sourcecode.c.objc; path = "NSString+BDJSONSerialization.m"; sourceTree = "<group>"; };
		C9E7F2231A3F3FEA0005205B /* NSString+BDUtilities.h */ = {isa = PBXFileReference; fileEncoding = 4; lastKnownFileType = sourcecode.c.h; path = "NSString+BDUtilities.h"; sourceTree = "<group>"; };
		C9E7F2241A3F3FEA0005205B /* NSString+BDUtilities.m */ = {isa = PBXFileReference; fileEncoding = 4; lastKnownFileType = sourcecode.c.objc; path = "NSString+BDUtilities.m"; sourceTree = "<group>"; };
		C9E7F2261A3F3FEA0005205B /* BDError.h */ = {isa = PBXFileReference; fileEncoding = 4; lastKnownFileType = sourcecode.c.h; path = BDError.h; sourceTree = "<group>"; };
		C9E7F2271A3F3FEA0005205B /* BDError.m */ = {isa = PBXFileReference; fileEncoding = 4; lastKnownFileType = sourcecode.c.objc; path = BDError.m; sourceTree = "<group>"; };
		C9E7F22D1A3F3FEA0005205B /* BDLog.h */ = {isa = PBXFileReference; fileEncoding = 4; lastKnownFileType = sourcecode.c.h; path = BDLog.h; sourceTree = "<group>"; };
		C9E7F2401A3F45170005205B /* KODCrypto.h */ = {isa = PBXFileReference; fileEncoding = 4; lastKnownFileType = sourcecode.c.h; name = KODCrypto.h; path = KlarnaOnDemand/KODCrypto.h; sourceTree = SOURCE_ROOT; };
		C9E7F2411A3F45170005205B /* KODCrypto.m */ = {isa = PBXFileReference; fileEncoding = 4; lastKnownFileType = sourcecode.c.objc; name = KODCrypto.m; path = KlarnaOnDemand/KODCrypto.m; sourceTree = SOURCE_ROOT; };
		C9E7F2431A3F4A410005205B /* KODOriginProof.h */ = {isa = PBXFileReference; fileEncoding = 4; lastKnownFileType = sourcecode.c.h; name = KODOriginProof.h; path = KlarnaOnDemand/KODOriginProof.h; sourceTree = SOURCE_ROOT; };
		C9E7F2441A3F4A410005205B /* KODOriginProof.m */ = {isa = PBXFileReference; fileEncoding = 4; lastKnownFileType = sourcecode.c.objc; name = KODOriginProof.m; path = KlarnaOnDemand/KODOriginProof.m; sourceTree = SOURCE_ROOT; };
		C9E7F25A1A405D0E0005205B /* KODOriginProofSpec.m */ = {isa = PBXFileReference; fileEncoding = 4; lastKnownFileType = sourcecode.c.objc; path = KODOriginProofSpec.m; sourceTree = "<group>"; };
		C9E7F2621A4086980005205B /* NSData+Base64.h */ = {isa = PBXFileReference; fileEncoding = 4; lastKnownFileType = sourcecode.c.h; path = "NSData+Base64.h"; sourceTree = "<group>"; };
		C9FC95401A278AAD00485500 /* KODContextSpec.m */ = {isa = PBXFileReference; fileEncoding = 4; lastKnownFileType = sourcecode.c.objc; path = KODContextSpec.m; sourceTree = "<group>"; };
		D640D4F5C54859FCD097F2BB /* Pods-KlarnaOnDemandTests.release.xcconfig */ = {isa = PBXFileReference; includeInIndex = 1; lastKnownFileType = text.xcconfig; name = "Pods-KlarnaOnDemandTests.release.xcconfig"; path = "Pods/Target Support Files/Pods-KlarnaOnDemandTests/Pods-KlarnaOnDemandTests.release.xcconfig"; sourceTree = "<group>"; };
		F1C19DE204A578CB1EF928EA /* libPods-KlarnaOnDemandTests.a */ = {isa = PBXFileReference; explicitFileType = archive.ar; includeInIndex = 0; path = "libPods-KlarnaOnDemandTests.a"; sourceTree = BUILT_PRODUCTS_DIR; };
/* End PBXFileReference section */

/* Begin PBXFrameworksBuildPhase section */
		C90D1C5D1A24CBD100016FE4 /* Frameworks */ = {
			isa = PBXFrameworksBuildPhase;
			buildActionMask = 2147483647;
			files = (
				46480F381CEB732000A2FBB5 /* WebKit.framework in Frameworks */,
			);
			runOnlyForDeploymentPostprocessing = 0;
		};
		C90D1C681A24CBD100016FE4 /* Frameworks */ = {
			isa = PBXFrameworksBuildPhase;
			buildActionMask = 2147483647;
			files = (
				C90D1C6C1A24CBD100016FE4 /* libKlarnaOnDemand.a in Frameworks */,
				73CD12607DD7D0CC727BC94C /* libPods-KlarnaOnDemandTests.a in Frameworks */,
			);
			runOnlyForDeploymentPostprocessing = 0;
		};
/* End PBXFrameworksBuildPhase section */

/* Begin PBXGroup section */
		46872DF11A2B6C0900707282 /* 3rdParty */ = {
			isa = PBXGroup;
			children = (
				C9E7F1F81A3F3FEA0005205B /* Crypto */,
				46872DF21A2B6C1200707282 /* JockeyJS */,
			);
			name = 3rdParty;
			sourceTree = "<group>";
		};
		46872DF21A2B6C1200707282 /* JockeyJS */ = {
			isa = PBXGroup;
			children = (
				467F0EC01A2B6DE900A76845 /* Jockey.h */,
				467F0EC11A2B6DE900A76845 /* Jockey.m */,
			);
			name = JockeyJS;
			sourceTree = "<group>";
		};
		BB3B293CC8F4CEC02C30B983 /* Pods */ = {
			isa = PBXGroup;
			children = (
				00D36FCDF89E631DEE662786 /* Pods-KlarnaOnDemandTests.debug.xcconfig */,
				D640D4F5C54859FCD097F2BB /* Pods-KlarnaOnDemandTests.release.xcconfig */,
			);
			name = Pods;
			sourceTree = "<group>";
		};
		C1E35C557067C2EA633DBCBD /* Frameworks */ = {
			isa = PBXGroup;
			children = (
				46480F371CEB732000A2FBB5 /* WebKit.framework */,
				460FDB621A4974A200CF327B /* libPods-KlarnaOnDemandTests-Kiwi.a */,
				F1C19DE204A578CB1EF928EA /* libPods-KlarnaOnDemandTests.a */,
			);
			name = Frameworks;
			sourceTree = "<group>";
		};
		C90D1C571A24CBD100016FE4 = {
			isa = PBXGroup;
			children = (
				46872DF11A2B6C0900707282 /* 3rdParty */,
				C90D1C621A24CBD100016FE4 /* KlarnaOnDemand */,
				C90D1C6F1A24CBD100016FE4 /* KlarnaOnDemandTests */,
				C90D1C611A24CBD100016FE4 /* Products */,
				C1E35C557067C2EA633DBCBD /* Frameworks */,
				BB3B293CC8F4CEC02C30B983 /* Pods */,
			);
			sourceTree = "<group>";
		};
		C90D1C611A24CBD100016FE4 /* Products */ = {
			isa = PBXGroup;
			children = (
				C90D1C601A24CBD100016FE4 /* libKlarnaOnDemand.a */,
				C90D1C6B1A24CBD100016FE4 /* KlarnaOnDemandTests.xctest */,
			);
			name = Products;
			sourceTree = "<group>";
		};
		C90D1C621A24CBD100016FE4 /* KlarnaOnDemand */ = {
			isa = PBXGroup;
			children = (
				C954ABCD1A34950300574C11 /* KOD.bundle */,
				C90D1C831A24CD2800016FE4 /* KODContext.h */,
				C90D1C841A24CD2800016FE4 /* KODContext.m */,
				C9E7F2401A3F45170005205B /* KODCrypto.h */,
				C9E7F2411A3F45170005205B /* KODCrypto.m */,
				C954ABA51A345B5E00574C11 /* KODLocalization.h */,
				C954ABA61A345B5E00574C11 /* KODLocalization.m */,
				C9E7F2431A3F4A410005205B /* KODOriginProof.h */,
				C9E7F2441A3F4A410005205B /* KODOriginProof.m */,
				46D37ABB1A374A6500E6AC7A /* KODPreferencesViewController.h */,
				46D37ABC1A374A6500E6AC7A /* KODPreferencesViewController.m */,
				467F0ED81A2C696100A76845 /* KODRegistrationResult.h */,
				467F0ED91A2C696100A76845 /* KODRegistrationResult.m */,
				C90D1C851A24CD2800016FE4 /* KODRegistrationViewController.h */,
				C90D1C861A24CD2800016FE4 /* KODRegistrationViewController.m */,
				C90D1C871A24CD2800016FE4 /* KODUrl.h */,
				C90D1C881A24CD2800016FE4 /* KODUrl.m */,
				4651C4511A3DDE9200800F1A /* KODWebViewController.h */,
				4651C4521A3DDE9200800F1A /* KODWebViewController.m */,
				4651C40E1A38A4BC00800F1A /* KODWebViewController+Protected.h */,
				46BC0B9C1AA886BA0036FF72 /* KODRegistrationSettings.h */,
				46BC0B9D1AA886BA0036FF72 /* KODRegistrationSettings.m */,
			);
			path = KlarnaOnDemand;
			sourceTree = "<group>";
		};
		C90D1C6F1A24CBD100016FE4 /* KlarnaOnDemandTests */ = {
			isa = PBXGroup;
			children = (
				466387001A480DD20013429D /* KODSpecHelper.h */,
				466387011A480DD20013429D /* KODSpecHelper.m */,
				C9FC95401A278AAD00485500 /* KODContextSpec.m */,
				465CF58F1A42DB9E00EC092D /* KODCryptoSpec.m */,
				0850E7B01C0ED16900829CF2 /* KODLocalizationSpec.m */,
				C9E7F25A1A405D0E0005205B /* KODOriginProofSpec.m */,
				4651C4441A3D93E300800F1A /* KODPreferencesViewControllerSpec.m */,
				46872D181A2B240000707282 /* KODRegistrationViewControllerSpec.m */,
				C903A2E01A2523B6009AE44D /* KODUrlSpec.m */,
				C92CF94F1A51999C00430691 /* KODRegistrationResultSpec.m */,
				C90D1C701A24CBD100016FE4 /* Supporting Files */,
			);
			path = KlarnaOnDemandTests;
			sourceTree = "<group>";
		};
		C90D1C701A24CBD100016FE4 /* Supporting Files */ = {
			isa = PBXGroup;
			children = (
				C903A2DD1A2523A8009AE44D /* KlarnaOnDemandTests.pch */,
				C903A2DE1A2523A8009AE44D /* KlarnaOnDemandTests.plist */,
			);
			name = "Supporting Files";
			sourceTree = "<group>";
		};
		C9E7F1F81A3F3FEA0005205B /* Crypto */ = {
			isa = PBXGroup;
			children = (
				C9E7F1F91A3F3FEA0005205B /* Crypto */,
				C9E7F2081A3F3FEA0005205B /* Crypto-Prefix.pch */,
				C9E7F2091A3F3FEA0005205B /* External */,
				C9E7F20F1A3F3FEA0005205B /* Utilities */,
			);
			name = Crypto;
			path = 3rdParty/Crypto;
			sourceTree = "<group>";
		};
		C9E7F1F91A3F3FEA0005205B /* Crypto */ = {
			isa = PBXGroup;
			children = (
				C9E7F1FA1A3F3FEA0005205B /* BDAESCBC256Cryptor.h */,
				C9E7F1FB1A3F3FEA0005205B /* BDAESCBC256Cryptor.m */,
				C9E7F1FC1A3F3FEA0005205B /* BDAESCryptor.h */,
				C9E7F1FD1A3F3FEA0005205B /* BDAESCryptor.m */,
				C9E7F1FE1A3F3FEA0005205B /* BDCryptor.h */,
				C9E7F1FF1A3F3FEA0005205B /* BDCryptor.m */,
				C9E7F2001A3F3FEA0005205B /* BDCryptorError.h */,
				C9E7F2011A3F3FEA0005205B /* BDCryptorError.m */,
				C9E7F2021A3F3FEA0005205B /* BDRSACryptor.h */,
				C9E7F2031A3F3FEA0005205B /* BDRSACryptor.m */,
				C9E7F2041A3F3FEA0005205B /* BDRSACryptorKeyPair.h */,
				C9E7F2051A3F3FEA0005205B /* BDRSACryptorKeyPair.m */,
				C9E7F2061A3F3FEA0005205B /* BDSHA512Cryptor.h */,
				C9E7F2071A3F3FEA0005205B /* BDSHA512Cryptor.m */,
			);
			path = Crypto;
			sourceTree = "<group>";
		};
		C9E7F2091A3F3FEA0005205B /* External */ = {
			isa = PBXGroup;
			children = (
				C9E7F20A1A3F3FEA0005205B /* Base64 */,
			);
			path = External;
			sourceTree = "<group>";
		};
		C9E7F20A1A3F3FEA0005205B /* Base64 */ = {
			isa = PBXGroup;
			children = (
				C9E7F2621A4086980005205B /* NSData+Base64.h */,
				C9E7F20C1A3F3FEA0005205B /* NSData+Base64.m */,
				C9E7F20D1A3F3FEA0005205B /* NSString+Base64.h */,
				C9E7F20E1A3F3FEA0005205B /* NSString+Base64.m */,
			);
			path = Base64;
			sourceTree = "<group>";
		};
		C9E7F20F1A3F3FEA0005205B /* Utilities */ = {
			isa = PBXGroup;
			children = (
				C9E7F2101A3F3FEA0005205B /* General */,
			);
			path = Utilities;
			sourceTree = "<group>";
		};
		C9E7F2101A3F3FEA0005205B /* General */ = {
			isa = PBXGroup;
			children = (
				C9E7F2111A3F3FEA0005205B /* Categories */,
				C9E7F2251A3F3FEA0005205B /* Error */,
				C9E7F2281A3F3FEA0005205B /* HTTP */,
				C9E7F22B1A3F3FEA0005205B /* Macros */,
			);
			path = General;
			sourceTree = "<group>";
		};
		C9E7F2111A3F3FEA0005205B /* Categories */ = {
			isa = PBXGroup;
			children = (
				C9E7F2121A3F3FEA0005205B /* JSON */,
				C9E7F2221A3F3FEA0005205B /* String */,
			);
			path = Categories;
			sourceTree = "<group>";
		};
		C9E7F2121A3F3FEA0005205B /* JSON */ = {
			isa = PBXGroup;
			children = (
				C9E7F2131A3F3FEA0005205B /* BDJSON.h */,
				C9E7F2141A3F3FEA0005205B /* BDJSONError.h */,
				C9E7F2151A3F3FEA0005205B /* BDJSONError.m */,
				C9E7F2161A3F3FEA0005205B /* NSArray+BDJSONSerialization.h */,
				C9E7F2171A3F3FEA0005205B /* NSArray+BDJSONSerialization.m */,
				C9E7F2181A3F3FEA0005205B /* NSData+BDJSONSerialization.h */,
				C9E7F2191A3F3FEA0005205B /* NSData+BDJSONSerialization.m */,
				C9E7F21A1A3F3FEA0005205B /* NSDictionary+BDJSONSerialization.h */,
				C9E7F21B1A3F3FEA0005205B /* NSDictionary+BDJSONSerialization.m */,
				C9E7F21C1A3F3FEA0005205B /* NSDictionary+BDParseJSON.h */,
				C9E7F21D1A3F3FEA0005205B /* NSDictionary+BDParseJSON.m */,
				C9E7F21E1A3F3FEA0005205B /* NSObject+BDJSONSerialization.h */,
				C9E7F21F1A3F3FEA0005205B /* NSObject+BDJSONSerialization.m */,
				C9E7F2201A3F3FEA0005205B /* NSString+BDJSONSerialization.h */,
				C9E7F2211A3F3FEA0005205B /* NSString+BDJSONSerialization.m */,
			);
			path = JSON;
			sourceTree = "<group>";
		};
		C9E7F2221A3F3FEA0005205B /* String */ = {
			isa = PBXGroup;
			children = (
				C9E7F2231A3F3FEA0005205B /* NSString+BDUtilities.h */,
				C9E7F2241A3F3FEA0005205B /* NSString+BDUtilities.m */,
			);
			path = String;
			sourceTree = "<group>";
		};
		C9E7F2251A3F3FEA0005205B /* Error */ = {
			isa = PBXGroup;
			children = (
				C9E7F2261A3F3FEA0005205B /* BDError.h */,
				C9E7F2271A3F3FEA0005205B /* BDError.m */,
			);
			path = Error;
			sourceTree = "<group>";
		};
		C9E7F2281A3F3FEA0005205B /* HTTP */ = {
			isa = PBXGroup;
			children = (
				C9E7F2291A3F3FEA0005205B /* HTTPURLResponse */,
			);
			path = HTTP;
			sourceTree = "<group>";
		};
		C9E7F2291A3F3FEA0005205B /* HTTPURLResponse */ = {
			isa = PBXGroup;
			children = (
				C9E7F22A1A3F3FEA0005205B /* HTTPURLJSONArrayResponse */,
			);
			path = HTTPURLResponse;
			sourceTree = "<group>";
		};
		C9E7F22A1A3F3FEA0005205B /* HTTPURLJSONArrayResponse */ = {
			isa = PBXGroup;
			children = (
			);
			path = HTTPURLJSONArrayResponse;
			sourceTree = "<group>";
		};
		C9E7F22B1A3F3FEA0005205B /* Macros */ = {
			isa = PBXGroup;
			children = (
				C9E7F22C1A3F3FEA0005205B /* Log */,
			);
			path = Macros;
			sourceTree = "<group>";
		};
		C9E7F22C1A3F3FEA0005205B /* Log */ = {
			isa = PBXGroup;
			children = (
				C9E7F22D1A3F3FEA0005205B /* BDLog.h */,
			);
			path = Log;
			sourceTree = "<group>";
		};
/* End PBXGroup section */

/* Begin PBXNativeTarget section */
		C90D1C5F1A24CBD100016FE4 /* KlarnaOnDemand */ = {
			isa = PBXNativeTarget;
			buildConfigurationList = C90D1C741A24CBD100016FE4 /* Build configuration list for PBXNativeTarget "KlarnaOnDemand" */;
			buildPhases = (
				C90D1C5C1A24CBD100016FE4 /* Sources */,
				C90D1C5D1A24CBD100016FE4 /* Frameworks */,
				C90D1C5E1A24CBD100016FE4 /* CopyFiles */,
			);
			buildRules = (
			);
			dependencies = (
			);
			name = KlarnaOnDemand;
			productName = KlarnaOnDemand;
			productReference = C90D1C601A24CBD100016FE4 /* libKlarnaOnDemand.a */;
			productType = "com.apple.product-type.library.static";
		};
		C90D1C6A1A24CBD100016FE4 /* KlarnaOnDemandTests */ = {
			isa = PBXNativeTarget;
			buildConfigurationList = C90D1C771A24CBD100016FE4 /* Build configuration list for PBXNativeTarget "KlarnaOnDemandTests" */;
			buildPhases = (
				45FCA7867FD72913D01D43EC /* [CP] Check Pods Manifest.lock */,
				C90D1C671A24CBD100016FE4 /* Sources */,
				C90D1C681A24CBD100016FE4 /* Frameworks */,
				C90D1C691A24CBD100016FE4 /* Resources */,
			);
			buildRules = (
			);
			dependencies = (
				C90D1C6E1A24CBD100016FE4 /* PBXTargetDependency */,
			);
			name = KlarnaOnDemandTests;
			productName = KlarnaOnDemandTests;
			productReference = C90D1C6B1A24CBD100016FE4 /* KlarnaOnDemandTests.xctest */;
			productType = "com.apple.product-type.bundle.unit-test";
		};
/* End PBXNativeTarget section */

/* Begin PBXProject section */
		C90D1C581A24CBD100016FE4 /* Project object */ = {
			isa = PBXProject;
			attributes = {
				LastUpgradeCheck = 0720;
				ORGANIZATIONNAME = Klarna;
				TargetAttributes = {
					C90D1C5F1A24CBD100016FE4 = {
						CreatedOnToolsVersion = 6.1;
					};
					C90D1C6A1A24CBD100016FE4 = {
						CreatedOnToolsVersion = 6.1;
					};
				};
			};
			buildConfigurationList = C90D1C5B1A24CBD100016FE4 /* Build configuration list for PBXProject "KlarnaOnDemand" */;
			compatibilityVersion = "Xcode 3.2";
			developmentRegion = English;
			hasScannedForEncodings = 0;
			knownRegions = (
				en,
			);
			mainGroup = C90D1C571A24CBD100016FE4;
			productRefGroup = C90D1C611A24CBD100016FE4 /* Products */;
			projectDirPath = "";
			projectRoot = "";
			targets = (
				C90D1C5F1A24CBD100016FE4 /* KlarnaOnDemand */,
				C90D1C6A1A24CBD100016FE4 /* KlarnaOnDemandTests */,
			);
		};
/* End PBXProject section */

/* Begin PBXResourcesBuildPhase section */
		C90D1C691A24CBD100016FE4 /* Resources */ = {
			isa = PBXResourcesBuildPhase;
			buildActionMask = 2147483647;
			files = (
				C954ABE11A35AB6300574C11 /* KOD.bundle in Resources */,
			);
			runOnlyForDeploymentPostprocessing = 0;
		};
/* End PBXResourcesBuildPhase section */

/* Begin PBXShellScriptBuildPhase section */
		45FCA7867FD72913D01D43EC /* [CP] Check Pods Manifest.lock */ = {
			isa = PBXShellScriptBuildPhase;
			buildActionMask = 2147483647;
			files = (
			);
			inputPaths = (
				"${PODS_PODFILE_DIR_PATH}/Podfile.lock",
				"${PODS_ROOT}/Manifest.lock",
			);
			name = "[CP] Check Pods Manifest.lock";
			outputPaths = (
				"$(DERIVED_FILE_DIR)/Pods-KlarnaOnDemandTests-checkManifestLockResult.txt",
			);
			runOnlyForDeploymentPostprocessing = 0;
			shellPath = /bin/sh;
			shellScript = "diff \"${PODS_PODFILE_DIR_PATH}/Podfile.lock\" \"${PODS_ROOT}/Manifest.lock\" > /dev/null\nif [ $? != 0 ] ; then\n    # print error to STDERR\n    echo \"error: The sandbox is not in sync with the Podfile.lock. Run 'pod install' or update your CocoaPods installation.\" >&2\n    exit 1\nfi\n# This output is used by Xcode 'outputs' to avoid re-running this script phase.\necho \"SUCCESS\" > \"${SCRIPT_OUTPUT_FILE_0}\"\n";
			showEnvVarsInLog = 0;
		};
/* End PBXShellScriptBuildPhase section */

/* Begin PBXSourcesBuildPhase section */
		C90D1C5C1A24CBD100016FE4 /* Sources */ = {
			isa = PBXSourcesBuildPhase;
			buildActionMask = 2147483647;
			files = (
				C9E7F2351A3F3FEA0005205B /* NSData+Base64.m in Sources */,
				C9E7F2361A3F3FEA0005205B /* NSString+Base64.m in Sources */,
				C9E7F23B1A3F3FEA0005205B /* NSDictionary+BDParseJSON.m in Sources */,
				C9E7F2381A3F3FEA0005205B /* NSArray+BDJSONSerialization.m in Sources */,
				C9E7F2321A3F3FEA0005205B /* BDRSACryptor.m in Sources */,
				C9E7F23D1A3F3FEA0005205B /* NSString+BDJSONSerialization.m in Sources */,
				C9E7F22E1A3F3FEA0005205B /* BDAESCBC256Cryptor.m in Sources */,
				C9E7F2451A3F4A410005205B /* KODOriginProof.m in Sources */,
				46BC0B9E1AA886BA0036FF72 /* KODRegistrationSettings.m in Sources */,
				C9E7F2311A3F3FEA0005205B /* BDCryptorError.m in Sources */,
				C9E7F23A1A3F3FEA0005205B /* NSDictionary+BDJSONSerialization.m in Sources */,
				4651C4541A3DDE9200800F1A /* KODWebViewController.m in Sources */,
				C9E7F23C1A3F3FEA0005205B /* NSObject+BDJSONSerialization.m in Sources */,
				C9E7F2421A3F45170005205B /* KODCrypto.m in Sources */,
				C9E7F2331A3F3FEA0005205B /* BDRSACryptorKeyPair.m in Sources */,
				C954ABA71A345B5E00574C11 /* KODLocalization.m in Sources */,
				C9E7F22F1A3F3FEA0005205B /* BDAESCryptor.m in Sources */,
				C9E7F2391A3F3FEA0005205B /* NSData+BDJSONSerialization.m in Sources */,
				467F0EDB1A2C6AC900A76845 /* KODRegistrationResult.m in Sources */,
				C9E7F2341A3F3FEA0005205B /* BDSHA512Cryptor.m in Sources */,
				C9E7F23E1A3F3FEA0005205B /* NSString+BDUtilities.m in Sources */,
				467F0EC21A2B6DE900A76845 /* Jockey.m in Sources */,
				C90D1C8A1A24CD2800016FE4 /* KODRegistrationViewController.m in Sources */,
				C90D1C891A24CD2800016FE4 /* KODContext.m in Sources */,
				C9E7F2371A3F3FEA0005205B /* BDJSONError.m in Sources */,
				C9E7F23F1A3F3FEA0005205B /* BDError.m in Sources */,
				C90D1C8B1A24CD2800016FE4 /* KODUrl.m in Sources */,
				46D37ABD1A374A6500E6AC7A /* KODPreferencesViewController.m in Sources */,
				C9E7F2301A3F3FEA0005205B /* BDCryptor.m in Sources */,
			);
			runOnlyForDeploymentPostprocessing = 0;
		};
		C90D1C671A24CBD100016FE4 /* Sources */ = {
			isa = PBXSourcesBuildPhase;
			buildActionMask = 2147483647;
			files = (
				468323D91A4ACCB60030B3F1 /* KODSpecHelper.m in Sources */,
				0850E7B11C0ED16900829CF2 /* KODLocalizationSpec.m in Sources */,
				C92CF9501A51999C00430691 /* KODRegistrationResultSpec.m in Sources */,
				468323DA1A4ACCB60030B3F1 /* KODContextSpec.m in Sources */,
				468323DB1A4ACCB60030B3F1 /* KODCryptoSpec.m in Sources */,
				468323DC1A4ACCB60030B3F1 /* KODOriginProofSpec.m in Sources */,
				468323DD1A4ACCB60030B3F1 /* KODPreferencesViewControllerSpec.m in Sources */,
				468323DE1A4ACCB60030B3F1 /* KODRegistrationViewControllerSpec.m in Sources */,
				468323DF1A4ACCB60030B3F1 /* KODUrlSpec.m in Sources */,
			);
			runOnlyForDeploymentPostprocessing = 0;
		};
/* End PBXSourcesBuildPhase section */

/* Begin PBXTargetDependency section */
		C90D1C6E1A24CBD100016FE4 /* PBXTargetDependency */ = {
			isa = PBXTargetDependency;
			target = C90D1C5F1A24CBD100016FE4 /* KlarnaOnDemand */;
			targetProxy = C90D1C6D1A24CBD100016FE4 /* PBXContainerItemProxy */;
		};
/* End PBXTargetDependency section */

/* Begin XCBuildConfiguration section */
		C90D1C721A24CBD100016FE4 /* Debug */ = {
			isa = XCBuildConfiguration;
			buildSettings = {
				ALWAYS_SEARCH_USER_PATHS = NO;
				CLANG_CXX_LANGUAGE_STANDARD = "gnu++0x";
				CLANG_CXX_LIBRARY = "libc++";
				CLANG_ENABLE_MODULES = YES;
				CLANG_ENABLE_OBJC_ARC = YES;
				CLANG_WARN_BOOL_CONVERSION = YES;
				CLANG_WARN_CONSTANT_CONVERSION = YES;
				CLANG_WARN_DIRECT_OBJC_ISA_USAGE = YES_ERROR;
				CLANG_WARN_EMPTY_BODY = YES;
				CLANG_WARN_ENUM_CONVERSION = YES;
				CLANG_WARN_INT_CONVERSION = YES;
				CLANG_WARN_OBJC_ROOT_CLASS = YES_ERROR;
				CLANG_WARN_UNREACHABLE_CODE = YES;
				CLANG_WARN__DUPLICATE_METHOD_MATCH = YES;
				COPY_PHASE_STRIP = NO;
				ENABLE_STRICT_OBJC_MSGSEND = YES;
				ENABLE_TESTABILITY = YES;
				GCC_C_LANGUAGE_STANDARD = gnu99;
				GCC_DYNAMIC_NO_PIC = NO;
				GCC_OPTIMIZATION_LEVEL = 0;
				GCC_PREFIX_HEADER = "3rdParty/Crypto/Crypto-Prefix.pch";
				GCC_PREPROCESSOR_DEFINITIONS = (
					"DEBUG=1",
					"$(inherited)",
				);
				GCC_SYMBOLS_PRIVATE_EXTERN = NO;
				GCC_WARN_64_TO_32_BIT_CONVERSION = YES;
				GCC_WARN_ABOUT_RETURN_TYPE = YES_ERROR;
				GCC_WARN_UNDECLARED_SELECTOR = YES;
				GCC_WARN_UNINITIALIZED_AUTOS = YES_AGGRESSIVE;
				GCC_WARN_UNUSED_FUNCTION = YES;
				GCC_WARN_UNUSED_VARIABLE = YES;
				IPHONEOS_DEPLOYMENT_TARGET = 8.0;
				MTL_ENABLE_DEBUG_INFO = YES;
				ONLY_ACTIVE_ARCH = YES;
				SDKROOT = iphoneos;
			};
			name = Debug;
		};
		C90D1C731A24CBD100016FE4 /* Release */ = {
			isa = XCBuildConfiguration;
			buildSettings = {
				ALWAYS_SEARCH_USER_PATHS = NO;
				CLANG_CXX_LANGUAGE_STANDARD = "gnu++0x";
				CLANG_CXX_LIBRARY = "libc++";
				CLANG_ENABLE_MODULES = YES;
				CLANG_ENABLE_OBJC_ARC = YES;
				CLANG_WARN_BOOL_CONVERSION = YES;
				CLANG_WARN_CONSTANT_CONVERSION = YES;
				CLANG_WARN_DIRECT_OBJC_ISA_USAGE = YES_ERROR;
				CLANG_WARN_EMPTY_BODY = YES;
				CLANG_WARN_ENUM_CONVERSION = YES;
				CLANG_WARN_INT_CONVERSION = YES;
				CLANG_WARN_OBJC_ROOT_CLASS = YES_ERROR;
				CLANG_WARN_UNREACHABLE_CODE = YES;
				CLANG_WARN__DUPLICATE_METHOD_MATCH = YES;
				COPY_PHASE_STRIP = YES;
				ENABLE_NS_ASSERTIONS = NO;
				ENABLE_STRICT_OBJC_MSGSEND = YES;
				GCC_C_LANGUAGE_STANDARD = gnu99;
				GCC_PREFIX_HEADER = "3rdParty/Crypto/Crypto-Prefix.pch";
				GCC_WARN_64_TO_32_BIT_CONVERSION = YES;
				GCC_WARN_ABOUT_RETURN_TYPE = YES_ERROR;
				GCC_WARN_UNDECLARED_SELECTOR = YES;
				GCC_WARN_UNINITIALIZED_AUTOS = YES_AGGRESSIVE;
				GCC_WARN_UNUSED_FUNCTION = YES;
				GCC_WARN_UNUSED_VARIABLE = YES;
				IPHONEOS_DEPLOYMENT_TARGET = 8.0;
				MTL_ENABLE_DEBUG_INFO = NO;
				SDKROOT = iphoneos;
				VALIDATE_PRODUCT = YES;
			};
			name = Release;
		};
		C90D1C751A24CBD100016FE4 /* Debug */ = {
			isa = XCBuildConfiguration;
			buildSettings = {
				OTHER_LDFLAGS = "";
				PRODUCT_NAME = KlarnaOnDemand;
				SKIP_INSTALL = YES;
			};
			name = Debug;
		};
		C90D1C761A24CBD100016FE4 /* Release */ = {
			isa = XCBuildConfiguration;
			buildSettings = {
				OTHER_LDFLAGS = "";
				PRODUCT_NAME = KlarnaOnDemand;
				SKIP_INSTALL = YES;
			};
			name = Release;
		};
		C90D1C781A24CBD100016FE4 /* Debug */ = {
			isa = XCBuildConfiguration;
			baseConfigurationReference = 00D36FCDF89E631DEE662786 /* Pods-KlarnaOnDemandTests.debug.xcconfig */;
			buildSettings = {
				FRAMEWORK_SEARCH_PATHS = (
					"$(SDKROOT)/Developer/Library/Frameworks",
					"$(inherited)",
				);
				GCC_PREFIX_HEADER = KlarnaOnDemandTests/KlarnaOnDemandTests.pch;
				GCC_PREPROCESSOR_DEFINITIONS = (
					"DEBUG=1",
					"$(inherited)",
				);
				INFOPLIST_FILE = KlarnaOnDemandTests/KlarnaOnDemandTests.plist;
				LD_RUNPATH_SEARCH_PATHS = "$(inherited) @executable_path/Frameworks @loader_path/Frameworks";
				LIBRARY_SEARCH_PATHS = (
					"$(inherited)",
					"$(PROJECT_DIR)/Pods/build/Debug-iphoneos",
				);
				PRODUCT_BUNDLE_IDENTIFIER = "org.cocoapods.demo.${PRODUCT_NAME:rfc1034identifier}";
				PRODUCT_NAME = KlarnaOnDemandTests;
			};
			name = Debug;
		};
		C90D1C791A24CBD100016FE4 /* Release */ = {
			isa = XCBuildConfiguration;
			baseConfigurationReference = D640D4F5C54859FCD097F2BB /* Pods-KlarnaOnDemandTests.release.xcconfig */;
			buildSettings = {
				FRAMEWORK_SEARCH_PATHS = (
					"$(SDKROOT)/Developer/Library/Frameworks",
					"$(inherited)",
				);
				GCC_PREFIX_HEADER = KlarnaOnDemandTests/KlarnaOnDemandTests.pch;
				INFOPLIST_FILE = KlarnaOnDemandTests/KlarnaOnDemandTests.plist;
				LD_RUNPATH_SEARCH_PATHS = "$(inherited) @executable_path/Frameworks @loader_path/Frameworks";
				LIBRARY_SEARCH_PATHS = (
					"$(inherited)",
					"$(PROJECT_DIR)/Pods/build/Debug-iphoneos",
				);
				PRODUCT_BUNDLE_IDENTIFIER = "org.cocoapods.demo.${PRODUCT_NAME:rfc1034identifier}";
				PRODUCT_NAME = KlarnaOnDemandTests;
			};
			name = Release;
		};
/* End XCBuildConfiguration section */

/* Begin XCConfigurationList section */
		C90D1C5B1A24CBD100016FE4 /* Build configuration list for PBXProject "KlarnaOnDemand" */ = {
			isa = XCConfigurationList;
			buildConfigurations = (
				C90D1C721A24CBD100016FE4 /* Debug */,
				C90D1C731A24CBD100016FE4 /* Release */,
			);
			defaultConfigurationIsVisible = 0;
			defaultConfigurationName = Release;
		};
		C90D1C741A24CBD100016FE4 /* Build configuration list for PBXNativeTarget "KlarnaOnDemand" */ = {
			isa = XCConfigurationList;
			buildConfigurations = (
				C90D1C751A24CBD100016FE4 /* Debug */,
				C90D1C761A24CBD100016FE4 /* Release */,
			);
			defaultConfigurationIsVisible = 0;
			defaultConfigurationName = Release;
		};
		C90D1C771A24CBD100016FE4 /* Build configuration list for PBXNativeTarget "KlarnaOnDemandTests" */ = {
			isa = XCConfigurationList;
			buildConfigurations = (
				C90D1C781A24CBD100016FE4 /* Debug */,
				C90D1C791A24CBD100016FE4 /* Release */,
			);
			defaultConfigurationIsVisible = 0;
			defaultConfigurationName = Release;
		};
/* End XCConfigurationList section */
	};
	rootObject = C90D1C581A24CBD100016FE4 /* Project object */;
}
