<?xml version="1.0" encoding="UTF-8"?>
<!DOCTYPE plist PUBLIC "-//Apple//DTD PLIST 1.0//EN" "http://www.apple.com/DTDs/PropertyList-1.0.dtd">
<plist version="1.0">
<dict>
	<key>archiveVersion</key>
	<string>1</string>
	<key>classes</key>
	<dict/>
	<key>objectVersion</key>
	<string>46</string>
	<key>objects</key>
	<dict>
		<key>084A0A53FD7790C41AF0C423</key>
		<dict>
			<key>explicitFileType</key>
			<string>archive.ar</string>
			<key>includeInIndex</key>
			<string>0</string>
			<key>isa</key>
			<string>PBXFileReference</string>
			<key>path</key>
			<string>libPods-KlarnaOnDemand.a</string>
			<key>sourceTree</key>
			<string>BUILT_PRODUCTS_DIR</string>
		</dict>
		<key>30A936A4C306C6CA7E53379B</key>
		<dict>
			<key>includeInIndex</key>
			<string>1</string>
			<key>isa</key>
			<string>PBXFileReference</string>
			<key>lastKnownFileType</key>
			<string>text.xcconfig</string>
			<key>name</key>
			<string>Pods-KlarnaOnDemand.release.xcconfig</string>
			<key>path</key>
			<string>Pods/Target Support Files/Pods-KlarnaOnDemand/Pods-KlarnaOnDemand.release.xcconfig</string>
			<key>sourceTree</key>
			<string>&lt;group&gt;</string>
		</dict>
		<key>443BC01E8B6591BA34CE5172</key>
		<dict>
			<key>explicitFileType</key>
			<string>archive.ar</string>
			<key>includeInIndex</key>
			<string>0</string>
			<key>isa</key>
			<string>PBXFileReference</string>
			<key>path</key>
			<string>libPods-KlarnaOnDemandTests.a</string>
			<key>sourceTree</key>
			<string>BUILT_PRODUCTS_DIR</string>
		</dict>
		<key>460FDB621A4974A200CF327B</key>
		<dict>
			<key>isa</key>
			<string>PBXFileReference</string>
			<key>lastKnownFileType</key>
			<string>archive.ar</string>
			<key>name</key>
			<string>libPods-KlarnaOnDemandTests-Kiwi.a</string>
			<key>path</key>
			<string>Pods/build/Debug-iphoneos/libPods-KlarnaOnDemandTests-Kiwi.a</string>
			<key>sourceTree</key>
			<string>&lt;group&gt;</string>
		</dict>
		<key>4651C40E1A38A4BC00800F1A</key>
		<dict>
			<key>fileEncoding</key>
			<string>4</string>
			<key>isa</key>
			<string>PBXFileReference</string>
			<key>lastKnownFileType</key>
			<string>sourcecode.c.h</string>
			<key>name</key>
			<string>KODWebViewController+Protected.h</string>
			<key>path</key>
			<string>KlarnaOnDemand/KODWebViewController+Protected.h</string>
			<key>sourceTree</key>
			<string>SOURCE_ROOT</string>
		</dict>
		<key>4651C4441A3D93E300800F1A</key>
		<dict>
			<key>fileEncoding</key>
			<string>4</string>
			<key>isa</key>
			<string>PBXFileReference</string>
			<key>lastKnownFileType</key>
			<string>sourcecode.c.objc</string>
			<key>path</key>
			<string>KODPreferencesViewControllerSpec.m</string>
			<key>sourceTree</key>
			<string>&lt;group&gt;</string>
		</dict>
		<key>4651C4511A3DDE9200800F1A</key>
		<dict>
			<key>isa</key>
			<string>PBXFileReference</string>
			<key>lastKnownFileType</key>
			<string>sourcecode.c.h</string>
			<key>name</key>
			<string>KODWebViewController.h</string>
			<key>path</key>
			<string>../KlarnaOnDemand/KODWebViewController.h</string>
			<key>sourceTree</key>
			<string>&lt;group&gt;</string>
		</dict>
		<key>4651C4521A3DDE9200800F1A</key>
		<dict>
			<key>isa</key>
			<string>PBXFileReference</string>
			<key>lastKnownFileType</key>
			<string>sourcecode.c.objc</string>
			<key>name</key>
			<string>KODWebViewController.m</string>
			<key>path</key>
			<string>../KlarnaOnDemand/KODWebViewController.m</string>
			<key>sourceTree</key>
			<string>&lt;group&gt;</string>
		</dict>
		<key>4651C4541A3DDE9200800F1A</key>
		<dict>
			<key>fileRef</key>
			<string>4651C4521A3DDE9200800F1A</string>
			<key>isa</key>
			<string>PBXBuildFile</string>
		</dict>
		<key>465CF58F1A42DB9E00EC092D</key>
		<dict>
			<key>fileEncoding</key>
			<string>4</string>
			<key>isa</key>
			<string>PBXFileReference</string>
			<key>lastKnownFileType</key>
			<string>sourcecode.c.objc</string>
			<key>path</key>
			<string>KODCryptoSpec.m</string>
			<key>sourceTree</key>
			<string>&lt;group&gt;</string>
		</dict>
		<key>466387001A480DD20013429D</key>
		<dict>
			<key>fileEncoding</key>
			<string>4</string>
			<key>isa</key>
			<string>PBXFileReference</string>
			<key>lastKnownFileType</key>
			<string>sourcecode.c.h</string>
			<key>path</key>
			<string>KODSpecHelper.h</string>
			<key>sourceTree</key>
			<string>&lt;group&gt;</string>
		</dict>
		<key>466387011A480DD20013429D</key>
		<dict>
			<key>fileEncoding</key>
			<string>4</string>
			<key>isa</key>
			<string>PBXFileReference</string>
			<key>lastKnownFileType</key>
			<string>sourcecode.c.objc</string>
			<key>path</key>
			<string>KODSpecHelper.m</string>
			<key>sourceTree</key>
			<string>&lt;group&gt;</string>
		</dict>
		<key>467F0EC01A2B6DE900A76845</key>
		<dict>
			<key>fileEncoding</key>
			<string>4</string>
			<key>isa</key>
			<string>PBXFileReference</string>
			<key>lastKnownFileType</key>
			<string>sourcecode.c.h</string>
			<key>name</key>
			<string>Jockey.h</string>
			<key>path</key>
			<string>3rdParty/JockeyJS/Jockey.h</string>
			<key>sourceTree</key>
			<string>&lt;group&gt;</string>
		</dict>
		<key>467F0EC11A2B6DE900A76845</key>
		<dict>
			<key>fileEncoding</key>
			<string>4</string>
			<key>isa</key>
			<string>PBXFileReference</string>
			<key>lastKnownFileType</key>
			<string>sourcecode.c.objc</string>
			<key>name</key>
			<string>Jockey.m</string>
			<key>path</key>
			<string>3rdParty/JockeyJS/Jockey.m</string>
			<key>sourceTree</key>
			<string>&lt;group&gt;</string>
		</dict>
		<key>467F0EC21A2B6DE900A76845</key>
		<dict>
			<key>fileRef</key>
			<string>467F0EC11A2B6DE900A76845</string>
			<key>isa</key>
			<string>PBXBuildFile</string>
		</dict>
		<key>467F0ED81A2C696100A76845</key>
		<dict>
			<key>fileEncoding</key>
			<string>4</string>
			<key>isa</key>
			<string>PBXFileReference</string>
			<key>lastKnownFileType</key>
			<string>sourcecode.c.h</string>
			<key>name</key>
			<string>KODRegistrationResult.h</string>
			<key>path</key>
			<string>KlarnaOnDemand/KODRegistrationResult.h</string>
			<key>sourceTree</key>
			<string>SOURCE_ROOT</string>
		</dict>
		<key>467F0ED91A2C696100A76845</key>
		<dict>
			<key>fileEncoding</key>
			<string>4</string>
			<key>isa</key>
			<string>PBXFileReference</string>
			<key>lastKnownFileType</key>
			<string>sourcecode.c.objc</string>
			<key>name</key>
			<string>KODRegistrationResult.m</string>
			<key>path</key>
			<string>KlarnaOnDemand/KODRegistrationResult.m</string>
			<key>sourceTree</key>
			<string>SOURCE_ROOT</string>
		</dict>
		<key>467F0EDB1A2C6AC900A76845</key>
		<dict>
			<key>fileRef</key>
			<string>467F0ED91A2C696100A76845</string>
			<key>isa</key>
			<string>PBXBuildFile</string>
		</dict>
		<key>468323D91A4ACCB60030B3F1</key>
		<dict>
			<key>fileRef</key>
			<string>466387011A480DD20013429D</string>
			<key>isa</key>
			<string>PBXBuildFile</string>
		</dict>
		<key>468323DA1A4ACCB60030B3F1</key>
		<dict>
			<key>fileRef</key>
			<string>C9FC95401A278AAD00485500</string>
			<key>isa</key>
			<string>PBXBuildFile</string>
		</dict>
		<key>468323DB1A4ACCB60030B3F1</key>
		<dict>
			<key>fileRef</key>
			<string>465CF58F1A42DB9E00EC092D</string>
			<key>isa</key>
			<string>PBXBuildFile</string>
		</dict>
		<key>468323DC1A4ACCB60030B3F1</key>
		<dict>
			<key>fileRef</key>
			<string>C9E7F25A1A405D0E0005205B</string>
			<key>isa</key>
			<string>PBXBuildFile</string>
		</dict>
		<key>468323DD1A4ACCB60030B3F1</key>
		<dict>
			<key>fileRef</key>
			<string>4651C4441A3D93E300800F1A</string>
			<key>isa</key>
			<string>PBXBuildFile</string>
		</dict>
		<key>468323DE1A4ACCB60030B3F1</key>
		<dict>
			<key>fileRef</key>
			<string>46872D181A2B240000707282</string>
			<key>isa</key>
			<string>PBXBuildFile</string>
		</dict>
		<key>468323DF1A4ACCB60030B3F1</key>
		<dict>
			<key>fileRef</key>
			<string>C903A2E01A2523B6009AE44D</string>
			<key>isa</key>
			<string>PBXBuildFile</string>
		</dict>
		<key>46872D181A2B240000707282</key>
		<dict>
			<key>fileEncoding</key>
			<string>4</string>
			<key>isa</key>
			<string>PBXFileReference</string>
			<key>lastKnownFileType</key>
			<string>sourcecode.c.objc</string>
			<key>path</key>
			<string>KODRegistrationViewControllerSpec.m</string>
			<key>sourceTree</key>
			<string>&lt;group&gt;</string>
		</dict>
		<key>46872DF11A2B6C0900707282</key>
		<dict>
			<key>children</key>
			<array>
				<string>C9E7F1F81A3F3FEA0005205B</string>
				<string>46872DF21A2B6C1200707282</string>
			</array>
			<key>isa</key>
			<string>PBXGroup</string>
			<key>name</key>
			<string>3rdParty</string>
			<key>sourceTree</key>
			<string>&lt;group&gt;</string>
		</dict>
		<key>46872DF21A2B6C1200707282</key>
		<dict>
			<key>children</key>
			<array>
				<string>467F0EC01A2B6DE900A76845</string>
				<string>467F0EC11A2B6DE900A76845</string>
			</array>
			<key>isa</key>
			<string>PBXGroup</string>
			<key>name</key>
			<string>JockeyJS</string>
			<key>sourceTree</key>
			<string>&lt;group&gt;</string>
		</dict>
		<key>46D37ABB1A374A6500E6AC7A</key>
		<dict>
			<key>fileEncoding</key>
			<string>4</string>
			<key>isa</key>
			<string>PBXFileReference</string>
			<key>lastKnownFileType</key>
			<string>sourcecode.c.h</string>
			<key>name</key>
			<string>KODPreferencesViewController.h</string>
			<key>path</key>
			<string>../KlarnaOnDemand/KODPreferencesViewController.h</string>
			<key>sourceTree</key>
			<string>&lt;group&gt;</string>
		</dict>
		<key>46D37ABC1A374A6500E6AC7A</key>
		<dict>
			<key>fileEncoding</key>
			<string>4</string>
			<key>isa</key>
			<string>PBXFileReference</string>
			<key>lastKnownFileType</key>
			<string>sourcecode.c.objc</string>
			<key>name</key>
			<string>KODPreferencesViewController.m</string>
			<key>path</key>
			<string>../KlarnaOnDemand/KODPreferencesViewController.m</string>
			<key>sourceTree</key>
			<string>&lt;group&gt;</string>
		</dict>
		<key>46D37ABD1A374A6500E6AC7A</key>
		<dict>
			<key>fileRef</key>
			<string>46D37ABC1A374A6500E6AC7A</string>
			<key>isa</key>
			<string>PBXBuildFile</string>
		</dict>
		<key>57538A2E547B109B5B321A46</key>
		<dict>
			<key>buildActionMask</key>
			<string>2147483647</string>
			<key>files</key>
			<array/>
			<key>inputPaths</key>
			<array/>
			<key>isa</key>
			<string>PBXShellScriptBuildPhase</string>
			<key>name</key>
			<string>Check Pods Manifest.lock</string>
			<key>outputPaths</key>
			<array/>
			<key>runOnlyForDeploymentPostprocessing</key>
			<string>0</string>
			<key>shellPath</key>
			<string>/bin/sh</string>
			<key>shellScript</key>
			<string>diff "${PODS_ROOT}/../Podfile.lock" "${PODS_ROOT}/Manifest.lock" &gt; /dev/null
if [[ $? != 0 ]] ; then
    cat &lt;&lt; EOM
error: The sandbox is not in sync with the Podfile.lock. Run 'pod install' or update your CocoaPods installation.
EOM
    exit 1
fi
</string>
			<key>showEnvVarsInLog</key>
			<string>0</string>
		</dict>
		<key>6F923A30568F1C8DCBD1121A</key>
		<dict>
			<key>children</key>
			<array>
				<string>787D5A12488247D4C7B5FC9E</string>
				<string>8A6713AF3B794D95017D61E6</string>
				<string>F7CC61B5FB47EC93B3B5CB1A</string>
				<string>30A936A4C306C6CA7E53379B</string>
			</array>
			<key>isa</key>
			<string>PBXGroup</string>
			<key>name</key>
			<string>Pods</string>
			<key>sourceTree</key>
			<string>&lt;group&gt;</string>
		</dict>
		<key>735E4D1DED27D86DFA194620</key>
		<dict>
			<key>buildActionMask</key>
			<string>2147483647</string>
			<key>files</key>
			<array/>
			<key>inputPaths</key>
			<array/>
			<key>isa</key>
			<string>PBXShellScriptBuildPhase</string>
			<key>name</key>
			<string>Copy Pods Resources</string>
			<key>outputPaths</key>
			<array/>
			<key>runOnlyForDeploymentPostprocessing</key>
			<string>0</string>
			<key>shellPath</key>
			<string>/bin/sh</string>
			<key>shellScript</key>
			<string>"${SRCROOT}/Pods/Target Support Files/Pods-KlarnaOnDemandTests/Pods-KlarnaOnDemandTests-resources.sh"
</string>
			<key>showEnvVarsInLog</key>
			<string>0</string>
		</dict>
		<key>787D5A12488247D4C7B5FC9E</key>
		<dict>
			<key>includeInIndex</key>
			<string>1</string>
			<key>isa</key>
			<string>PBXFileReference</string>
			<key>lastKnownFileType</key>
			<string>text.xcconfig</string>
			<key>name</key>
			<string>Pods-KlarnaOnDemandTests.debug.xcconfig</string>
			<key>path</key>
			<string>Pods/Target Support Files/Pods-KlarnaOnDemandTests/Pods-KlarnaOnDemandTests.debug.xcconfig</string>
			<key>sourceTree</key>
			<string>&lt;group&gt;</string>
		</dict>
		<key>8A6713AF3B794D95017D61E6</key>
		<dict>
			<key>includeInIndex</key>
			<string>1</string>
			<key>isa</key>
			<string>PBXFileReference</string>
			<key>lastKnownFileType</key>
			<string>text.xcconfig</string>
			<key>name</key>
			<string>Pods-KlarnaOnDemandTests.release.xcconfig</string>
			<key>path</key>
			<string>Pods/Target Support Files/Pods-KlarnaOnDemandTests/Pods-KlarnaOnDemandTests.release.xcconfig</string>
			<key>sourceTree</key>
			<string>&lt;group&gt;</string>
		</dict>
		<key>B6EA889B94E1D564EAA2FB42</key>
		<dict>
			<key>buildActionMask</key>
			<string>2147483647</string>
			<key>files</key>
			<array/>
			<key>inputPaths</key>
			<array/>
			<key>isa</key>
			<string>PBXShellScriptBuildPhase</string>
			<key>name</key>
			<string>Copy Pods Resources</string>
			<key>outputPaths</key>
			<array/>
			<key>runOnlyForDeploymentPostprocessing</key>
			<string>0</string>
			<key>shellPath</key>
			<string>/bin/sh</string>
			<key>shellScript</key>
			<string>"${SRCROOT}/Pods/Target Support Files/Pods-KlarnaOnDemand/Pods-KlarnaOnDemand-resources.sh"
</string>
			<key>showEnvVarsInLog</key>
			<string>0</string>
		</dict>
		<key>C1E35C557067C2EA633DBCBD</key>
		<dict>
			<key>children</key>
			<array>
				<string>460FDB621A4974A200CF327B</string>
				<string>D1FE0E1CBCA1595B5EFACB69</string>
				<string>443BC01E8B6591BA34CE5172</string>
				<string>084A0A53FD7790C41AF0C423</string>
			</array>
			<key>isa</key>
			<string>PBXGroup</string>
			<key>name</key>
			<string>Frameworks</string>
			<key>sourceTree</key>
			<string>&lt;group&gt;</string>
		</dict>
		<key>C3BACF1CC49885989330EBFA</key>
		<dict>
			<key>buildActionMask</key>
			<string>2147483647</string>
			<key>files</key>
			<array/>
			<key>inputPaths</key>
			<array/>
			<key>isa</key>
			<string>PBXShellScriptBuildPhase</string>
			<key>name</key>
			<string>Check Pods Manifest.lock</string>
			<key>outputPaths</key>
			<array/>
			<key>runOnlyForDeploymentPostprocessing</key>
			<string>0</string>
			<key>shellPath</key>
			<string>/bin/sh</string>
			<key>shellScript</key>
			<string>diff "${PODS_ROOT}/../Podfile.lock" "${PODS_ROOT}/Manifest.lock" &gt; /dev/null
if [[ $? != 0 ]] ; then
    cat &lt;&lt; EOM
error: The sandbox is not in sync with the Podfile.lock. Run 'pod install' or update your CocoaPods installation.
EOM
    exit 1
fi
</string>
			<key>showEnvVarsInLog</key>
			<string>0</string>
		</dict>
		<key>C903A2DD1A2523A8009AE44D</key>
		<dict>
			<key>fileEncoding</key>
			<string>4</string>
			<key>isa</key>
			<string>PBXFileReference</string>
			<key>lastKnownFileType</key>
			<string>sourcecode.c.h</string>
			<key>path</key>
			<string>KlarnaOnDemandTests.pch</string>
			<key>sourceTree</key>
			<string>&lt;group&gt;</string>
		</dict>
		<key>C903A2DE1A2523A8009AE44D</key>
		<dict>
			<key>fileEncoding</key>
			<string>4</string>
			<key>isa</key>
			<string>PBXFileReference</string>
			<key>lastKnownFileType</key>
			<string>text.plist.xml</string>
			<key>path</key>
			<string>KlarnaOnDemandTests.plist</string>
			<key>sourceTree</key>
			<string>&lt;group&gt;</string>
		</dict>
		<key>C903A2E01A2523B6009AE44D</key>
		<dict>
			<key>fileEncoding</key>
			<string>4</string>
			<key>isa</key>
			<string>PBXFileReference</string>
			<key>lastKnownFileType</key>
			<string>sourcecode.c.objc</string>
			<key>path</key>
			<string>KODUrlSpec.m</string>
			<key>sourceTree</key>
			<string>&lt;group&gt;</string>
		</dict>
		<key>C90D1C571A24CBD100016FE4</key>
		<dict>
			<key>children</key>
			<array>
				<string>46872DF11A2B6C0900707282</string>
				<string>C90D1C621A24CBD100016FE4</string>
				<string>C90D1C6F1A24CBD100016FE4</string>
				<string>C90D1C611A24CBD100016FE4</string>
				<string>6F923A30568F1C8DCBD1121A</string>
				<string>C1E35C557067C2EA633DBCBD</string>
			</array>
			<key>isa</key>
			<string>PBXGroup</string>
			<key>sourceTree</key>
			<string>&lt;group&gt;</string>
		</dict>
		<key>C90D1C581A24CBD100016FE4</key>
		<dict>
			<key>attributes</key>
			<dict>
				<key>LastUpgradeCheck</key>
				<string>0610</string>
				<key>ORGANIZATIONNAME</key>
				<string>Klarna</string>
				<key>TargetAttributes</key>
				<dict>
					<key>C90D1C5F1A24CBD100016FE4</key>
					<dict>
						<key>CreatedOnToolsVersion</key>
						<string>6.1</string>
					</dict>
					<key>C90D1C6A1A24CBD100016FE4</key>
					<dict>
						<key>CreatedOnToolsVersion</key>
						<string>6.1</string>
					</dict>
				</dict>
			</dict>
			<key>buildConfigurationList</key>
			<string>C90D1C5B1A24CBD100016FE4</string>
			<key>compatibilityVersion</key>
			<string>Xcode 3.2</string>
			<key>developmentRegion</key>
			<string>English</string>
			<key>hasScannedForEncodings</key>
			<string>0</string>
			<key>isa</key>
			<string>PBXProject</string>
			<key>knownRegions</key>
			<array>
				<string>en</string>
			</array>
			<key>mainGroup</key>
			<string>C90D1C571A24CBD100016FE4</string>
			<key>productRefGroup</key>
			<string>C90D1C611A24CBD100016FE4</string>
			<key>projectDirPath</key>
			<string></string>
			<key>projectReferences</key>
			<array/>
			<key>projectRoot</key>
			<string></string>
			<key>targets</key>
			<array>
				<string>C90D1C5F1A24CBD100016FE4</string>
				<string>C90D1C6A1A24CBD100016FE4</string>
			</array>
		</dict>
		<key>C90D1C5B1A24CBD100016FE4</key>
		<dict>
			<key>buildConfigurations</key>
			<array>
				<string>C90D1C721A24CBD100016FE4</string>
				<string>C90D1C731A24CBD100016FE4</string>
			</array>
			<key>defaultConfigurationIsVisible</key>
			<string>0</string>
			<key>defaultConfigurationName</key>
			<string>Release</string>
			<key>isa</key>
			<string>XCConfigurationList</string>
		</dict>
		<key>C90D1C5C1A24CBD100016FE4</key>
		<dict>
			<key>buildActionMask</key>
			<string>2147483647</string>
			<key>files</key>
			<array>
				<string>C9E7F2351A3F3FEA0005205B</string>
				<string>C9E7F2361A3F3FEA0005205B</string>
				<string>C9E7F23B1A3F3FEA0005205B</string>
				<string>C9E7F2381A3F3FEA0005205B</string>
				<string>C9E7F2321A3F3FEA0005205B</string>
				<string>C9E7F23D1A3F3FEA0005205B</string>
				<string>C9E7F22E1A3F3FEA0005205B</string>
				<string>C9E7F2451A3F4A410005205B</string>
				<string>C9E7F2311A3F3FEA0005205B</string>
				<string>C9E7F23A1A3F3FEA0005205B</string>
				<string>4651C4541A3DDE9200800F1A</string>
				<string>C9E7F23C1A3F3FEA0005205B</string>
				<string>C9E7F2421A3F45170005205B</string>
				<string>C9E7F2331A3F3FEA0005205B</string>
				<string>C954ABA71A345B5E00574C11</string>
				<string>C9E7F22F1A3F3FEA0005205B</string>
				<string>C9E7F2391A3F3FEA0005205B</string>
				<string>467F0EDB1A2C6AC900A76845</string>
				<string>C9E7F2341A3F3FEA0005205B</string>
				<string>C9E7F23E1A3F3FEA0005205B</string>
				<string>467F0EC21A2B6DE900A76845</string>
				<string>C90D1C8A1A24CD2800016FE4</string>
				<string>C90D1C891A24CD2800016FE4</string>
				<string>C9E7F2371A3F3FEA0005205B</string>
				<string>C9E7F23F1A3F3FEA0005205B</string>
				<string>C90D1C8B1A24CD2800016FE4</string>
				<string>46D37ABD1A374A6500E6AC7A</string>
				<string>C9E7F2301A3F3FEA0005205B</string>
			</array>
			<key>isa</key>
			<string>PBXSourcesBuildPhase</string>
			<key>runOnlyForDeploymentPostprocessing</key>
			<string>0</string>
		</dict>
		<key>C90D1C5D1A24CBD100016FE4</key>
		<dict>
			<key>buildActionMask</key>
			<string>2147483647</string>
			<key>files</key>
			<array>
				<string>EEF4B711C4FDC7C8BAE8377D</string>
			</array>
			<key>isa</key>
			<string>PBXFrameworksBuildPhase</string>
			<key>runOnlyForDeploymentPostprocessing</key>
			<string>0</string>
		</dict>
		<key>C90D1C5E1A24CBD100016FE4</key>
		<dict>
			<key>buildActionMask</key>
			<string>2147483647</string>
			<key>dstPath</key>
			<string>include/$(PRODUCT_NAME)</string>
			<key>dstSubfolderSpec</key>
			<string>16</string>
			<key>files</key>
			<array/>
			<key>isa</key>
			<string>PBXCopyFilesBuildPhase</string>
			<key>runOnlyForDeploymentPostprocessing</key>
			<string>0</string>
		</dict>
		<key>C90D1C5F1A24CBD100016FE4</key>
		<dict>
			<key>buildConfigurationList</key>
			<string>C90D1C741A24CBD100016FE4</string>
			<key>buildPhases</key>
			<array>
				<string>C3BACF1CC49885989330EBFA</string>
				<string>C90D1C5C1A24CBD100016FE4</string>
				<string>C90D1C5D1A24CBD100016FE4</string>
				<string>C90D1C5E1A24CBD100016FE4</string>
				<string>B6EA889B94E1D564EAA2FB42</string>
			</array>
			<key>buildRules</key>
			<array/>
			<key>dependencies</key>
			<array/>
			<key>isa</key>
			<string>PBXNativeTarget</string>
			<key>name</key>
			<string>KlarnaOnDemand</string>
			<key>productName</key>
			<string>KlarnaOnDemand</string>
			<key>productReference</key>
			<string>C90D1C601A24CBD100016FE4</string>
			<key>productType</key>
			<string>com.apple.product-type.library.static</string>
		</dict>
		<key>C90D1C601A24CBD100016FE4</key>
		<dict>
			<key>explicitFileType</key>
			<string>archive.ar</string>
			<key>includeInIndex</key>
			<string>0</string>
			<key>isa</key>
			<string>PBXFileReference</string>
			<key>path</key>
			<string>libKlarnaOnDemand.a</string>
			<key>sourceTree</key>
			<string>BUILT_PRODUCTS_DIR</string>
		</dict>
		<key>C90D1C611A24CBD100016FE4</key>
		<dict>
			<key>children</key>
			<array>
				<string>C90D1C601A24CBD100016FE4</string>
				<string>C90D1C6B1A24CBD100016FE4</string>
			</array>
			<key>isa</key>
			<string>PBXGroup</string>
			<key>name</key>
			<string>Products</string>
			<key>sourceTree</key>
			<string>&lt;group&gt;</string>
		</dict>
		<key>C90D1C621A24CBD100016FE4</key>
		<dict>
			<key>children</key>
			<array>
				<string>C954ABCD1A34950300574C11</string>
				<string>C90D1C831A24CD2800016FE4</string>
				<string>C90D1C841A24CD2800016FE4</string>
				<string>C9E7F2401A3F45170005205B</string>
				<string>C9E7F2411A3F45170005205B</string>
				<string>C954ABA51A345B5E00574C11</string>
				<string>C954ABA61A345B5E00574C11</string>
				<string>C9E7F2431A3F4A410005205B</string>
				<string>C9E7F2441A3F4A410005205B</string>
				<string>46D37ABB1A374A6500E6AC7A</string>
				<string>46D37ABC1A374A6500E6AC7A</string>
				<string>467F0ED81A2C696100A76845</string>
				<string>467F0ED91A2C696100A76845</string>
				<string>C90D1C851A24CD2800016FE4</string>
				<string>C90D1C861A24CD2800016FE4</string>
				<string>C90D1C871A24CD2800016FE4</string>
				<string>C90D1C881A24CD2800016FE4</string>
				<string>4651C4511A3DDE9200800F1A</string>
				<string>4651C4521A3DDE9200800F1A</string>
				<string>4651C40E1A38A4BC00800F1A</string>
			</array>
			<key>isa</key>
			<string>PBXGroup</string>
			<key>path</key>
			<string>KlarnaOnDemand</string>
			<key>sourceTree</key>
			<string>&lt;group&gt;</string>
		</dict>
		<key>C90D1C671A24CBD100016FE4</key>
		<dict>
			<key>buildActionMask</key>
			<string>2147483647</string>
			<key>files</key>
			<array>
				<string>468323D91A4ACCB60030B3F1</string>
				<string>C92CF9501A51999C00430691</string>
				<string>468323DA1A4ACCB60030B3F1</string>
				<string>468323DB1A4ACCB60030B3F1</string>
				<string>468323DC1A4ACCB60030B3F1</string>
				<string>468323DD1A4ACCB60030B3F1</string>
				<string>468323DE1A4ACCB60030B3F1</string>
				<string>468323DF1A4ACCB60030B3F1</string>
			</array>
			<key>isa</key>
			<string>PBXSourcesBuildPhase</string>
			<key>runOnlyForDeploymentPostprocessing</key>
			<string>0</string>
		</dict>
		<key>C90D1C681A24CBD100016FE4</key>
		<dict>
			<key>buildActionMask</key>
			<string>2147483647</string>
			<key>files</key>
			<array>
				<string>C90D1C6C1A24CBD100016FE4</string>
				<string>E4FC8287776950D3A8F3BE8B</string>
			</array>
			<key>isa</key>
			<string>PBXFrameworksBuildPhase</string>
			<key>runOnlyForDeploymentPostprocessing</key>
			<string>0</string>
		</dict>
		<key>C90D1C691A24CBD100016FE4</key>
		<dict>
			<key>buildActionMask</key>
			<string>2147483647</string>
			<key>files</key>
			<array>
				<string>C954ABE11A35AB6300574C11</string>
			</array>
			<key>isa</key>
			<string>PBXResourcesBuildPhase</string>
			<key>runOnlyForDeploymentPostprocessing</key>
			<string>0</string>
		</dict>
		<key>C90D1C6A1A24CBD100016FE4</key>
		<dict>
			<key>buildConfigurationList</key>
			<string>C90D1C771A24CBD100016FE4</string>
			<key>buildPhases</key>
			<array>
				<string>57538A2E547B109B5B321A46</string>
				<string>C90D1C671A24CBD100016FE4</string>
				<string>C90D1C681A24CBD100016FE4</string>
				<string>C90D1C691A24CBD100016FE4</string>
				<string>735E4D1DED27D86DFA194620</string>
			</array>
			<key>buildRules</key>
			<array/>
			<key>dependencies</key>
			<array>
				<string>C90D1C6E1A24CBD100016FE4</string>
			</array>
			<key>isa</key>
			<string>PBXNativeTarget</string>
			<key>name</key>
			<string>KlarnaOnDemandTests</string>
			<key>productName</key>
			<string>KlarnaOnDemandTests</string>
			<key>productReference</key>
			<string>C90D1C6B1A24CBD100016FE4</string>
			<key>productType</key>
			<string>com.apple.product-type.bundle.unit-test</string>
		</dict>
		<key>C90D1C6B1A24CBD100016FE4</key>
		<dict>
			<key>explicitFileType</key>
			<string>wrapper.cfbundle</string>
			<key>includeInIndex</key>
			<string>0</string>
			<key>isa</key>
			<string>PBXFileReference</string>
			<key>path</key>
			<string>KlarnaOnDemandTests.xctest</string>
			<key>sourceTree</key>
			<string>BUILT_PRODUCTS_DIR</string>
		</dict>
		<key>C90D1C6C1A24CBD100016FE4</key>
		<dict>
			<key>fileRef</key>
			<string>C90D1C601A24CBD100016FE4</string>
			<key>isa</key>
			<string>PBXBuildFile</string>
		</dict>
		<key>C90D1C6D1A24CBD100016FE4</key>
		<dict>
			<key>containerPortal</key>
			<string>C90D1C581A24CBD100016FE4</string>
			<key>isa</key>
			<string>PBXContainerItemProxy</string>
			<key>proxyType</key>
			<string>1</string>
			<key>remoteGlobalIDString</key>
			<string>C90D1C5F1A24CBD100016FE4</string>
			<key>remoteInfo</key>
			<string>KlarnaOnDemand</string>
		</dict>
		<key>C90D1C6E1A24CBD100016FE4</key>
		<dict>
			<key>isa</key>
			<string>PBXTargetDependency</string>
			<key>target</key>
			<string>C90D1C5F1A24CBD100016FE4</string>
			<key>targetProxy</key>
			<string>C90D1C6D1A24CBD100016FE4</string>
		</dict>
		<key>C90D1C6F1A24CBD100016FE4</key>
		<dict>
			<key>children</key>
			<array>
				<string>466387001A480DD20013429D</string>
				<string>466387011A480DD20013429D</string>
				<string>C9FC95401A278AAD00485500</string>
				<string>465CF58F1A42DB9E00EC092D</string>
				<string>C9E7F25A1A405D0E0005205B</string>
				<string>4651C4441A3D93E300800F1A</string>
				<string>46872D181A2B240000707282</string>
				<string>C903A2E01A2523B6009AE44D</string>
				<string>C92CF94F1A51999C00430691</string>
				<string>C90D1C701A24CBD100016FE4</string>
			</array>
			<key>isa</key>
			<string>PBXGroup</string>
			<key>path</key>
			<string>KlarnaOnDemandTests</string>
			<key>sourceTree</key>
			<string>&lt;group&gt;</string>
		</dict>
		<key>C90D1C701A24CBD100016FE4</key>
		<dict>
			<key>children</key>
			<array>
				<string>C903A2DD1A2523A8009AE44D</string>
				<string>C903A2DE1A2523A8009AE44D</string>
			</array>
			<key>isa</key>
			<string>PBXGroup</string>
			<key>name</key>
			<string>Supporting Files</string>
			<key>sourceTree</key>
			<string>&lt;group&gt;</string>
		</dict>
		<key>C90D1C721A24CBD100016FE4</key>
		<dict>
			<key>buildSettings</key>
			<dict>
				<key>ALWAYS_SEARCH_USER_PATHS</key>
				<string>NO</string>
				<key>CLANG_CXX_LANGUAGE_STANDARD</key>
				<string>gnu++0x</string>
				<key>CLANG_CXX_LIBRARY</key>
				<string>libc++</string>
				<key>CLANG_ENABLE_MODULES</key>
				<string>YES</string>
				<key>CLANG_ENABLE_OBJC_ARC</key>
				<string>YES</string>
				<key>CLANG_WARN_BOOL_CONVERSION</key>
				<string>YES</string>
				<key>CLANG_WARN_CONSTANT_CONVERSION</key>
				<string>YES</string>
				<key>CLANG_WARN_DIRECT_OBJC_ISA_USAGE</key>
				<string>YES_ERROR</string>
				<key>CLANG_WARN_EMPTY_BODY</key>
				<string>YES</string>
				<key>CLANG_WARN_ENUM_CONVERSION</key>
				<string>YES</string>
				<key>CLANG_WARN_INT_CONVERSION</key>
				<string>YES</string>
				<key>CLANG_WARN_OBJC_ROOT_CLASS</key>
				<string>YES_ERROR</string>
				<key>CLANG_WARN_UNREACHABLE_CODE</key>
				<string>YES</string>
				<key>CLANG_WARN__DUPLICATE_METHOD_MATCH</key>
				<string>YES</string>
				<key>COPY_PHASE_STRIP</key>
				<string>NO</string>
				<key>ENABLE_STRICT_OBJC_MSGSEND</key>
				<string>YES</string>
				<key>GCC_C_LANGUAGE_STANDARD</key>
				<string>gnu99</string>
				<key>GCC_DYNAMIC_NO_PIC</key>
				<string>NO</string>
				<key>GCC_OPTIMIZATION_LEVEL</key>
				<string>0</string>
				<key>GCC_PREFIX_HEADER</key>
				<string>3rdParty/Crypto/Crypto-Prefix.pch</string>
				<key>GCC_PREPROCESSOR_DEFINITIONS</key>
				<array>
					<string>DEBUG=1</string>
					<string>$(inherited)</string>
				</array>
				<key>GCC_SYMBOLS_PRIVATE_EXTERN</key>
				<string>NO</string>
				<key>GCC_WARN_64_TO_32_BIT_CONVERSION</key>
				<string>YES</string>
				<key>GCC_WARN_ABOUT_RETURN_TYPE</key>
				<string>YES_ERROR</string>
				<key>GCC_WARN_UNDECLARED_SELECTOR</key>
				<string>YES</string>
				<key>GCC_WARN_UNINITIALIZED_AUTOS</key>
				<string>YES_AGGRESSIVE</string>
				<key>GCC_WARN_UNUSED_FUNCTION</key>
				<string>YES</string>
				<key>GCC_WARN_UNUSED_VARIABLE</key>
				<string>YES</string>
				<key>IPHONEOS_DEPLOYMENT_TARGET</key>
				<string>7.0</string>
				<key>MTL_ENABLE_DEBUG_INFO</key>
				<string>YES</string>
				<key>ONLY_ACTIVE_ARCH</key>
				<string>YES</string>
				<key>SDKROOT</key>
				<string>iphoneos</string>
			</dict>
			<key>isa</key>
			<string>XCBuildConfiguration</string>
			<key>name</key>
			<string>Debug</string>
		</dict>
		<key>C90D1C731A24CBD100016FE4</key>
		<dict>
			<key>buildSettings</key>
			<dict>
				<key>ALWAYS_SEARCH_USER_PATHS</key>
				<string>NO</string>
				<key>CLANG_CXX_LANGUAGE_STANDARD</key>
				<string>gnu++0x</string>
				<key>CLANG_CXX_LIBRARY</key>
				<string>libc++</string>
				<key>CLANG_ENABLE_MODULES</key>
				<string>YES</string>
				<key>CLANG_ENABLE_OBJC_ARC</key>
				<string>YES</string>
				<key>CLANG_WARN_BOOL_CONVERSION</key>
				<string>YES</string>
				<key>CLANG_WARN_CONSTANT_CONVERSION</key>
				<string>YES</string>
				<key>CLANG_WARN_DIRECT_OBJC_ISA_USAGE</key>
				<string>YES_ERROR</string>
				<key>CLANG_WARN_EMPTY_BODY</key>
				<string>YES</string>
				<key>CLANG_WARN_ENUM_CONVERSION</key>
				<string>YES</string>
				<key>CLANG_WARN_INT_CONVERSION</key>
				<string>YES</string>
				<key>CLANG_WARN_OBJC_ROOT_CLASS</key>
				<string>YES_ERROR</string>
				<key>CLANG_WARN_UNREACHABLE_CODE</key>
				<string>YES</string>
				<key>CLANG_WARN__DUPLICATE_METHOD_MATCH</key>
				<string>YES</string>
				<key>COPY_PHASE_STRIP</key>
				<string>YES</string>
				<key>ENABLE_NS_ASSERTIONS</key>
				<string>NO</string>
				<key>ENABLE_STRICT_OBJC_MSGSEND</key>
				<string>YES</string>
				<key>GCC_C_LANGUAGE_STANDARD</key>
				<string>gnu99</string>
				<key>GCC_PREFIX_HEADER</key>
				<string>3rdParty/Crypto/Crypto-Prefix.pch</string>
				<key>GCC_WARN_64_TO_32_BIT_CONVERSION</key>
				<string>YES</string>
				<key>GCC_WARN_ABOUT_RETURN_TYPE</key>
				<string>YES_ERROR</string>
				<key>GCC_WARN_UNDECLARED_SELECTOR</key>
				<string>YES</string>
				<key>GCC_WARN_UNINITIALIZED_AUTOS</key>
				<string>YES_AGGRESSIVE</string>
				<key>GCC_WARN_UNUSED_FUNCTION</key>
				<string>YES</string>
				<key>GCC_WARN_UNUSED_VARIABLE</key>
				<string>YES</string>
				<key>IPHONEOS_DEPLOYMENT_TARGET</key>
				<string>7.0</string>
				<key>MTL_ENABLE_DEBUG_INFO</key>
				<string>NO</string>
				<key>SDKROOT</key>
				<string>iphoneos</string>
				<key>VALIDATE_PRODUCT</key>
				<string>YES</string>
			</dict>
			<key>isa</key>
			<string>XCBuildConfiguration</string>
			<key>name</key>
			<string>Release</string>
		</dict>
		<key>C90D1C741A24CBD100016FE4</key>
		<dict>
			<key>buildConfigurations</key>
			<array>
				<string>C90D1C751A24CBD100016FE4</string>
				<string>C90D1C761A24CBD100016FE4</string>
			</array>
			<key>defaultConfigurationIsVisible</key>
			<string>0</string>
			<key>defaultConfigurationName</key>
			<string>Release</string>
			<key>isa</key>
			<string>XCConfigurationList</string>
		</dict>
		<key>C90D1C751A24CBD100016FE4</key>
		<dict>
			<key>baseConfigurationReference</key>
			<string>F7CC61B5FB47EC93B3B5CB1A</string>
			<key>buildSettings</key>
			<dict>
				<key>OTHER_LDFLAGS</key>
				<string></string>
				<key>PRODUCT_NAME</key>
				<string>KlarnaOnDemand</string>
				<key>SKIP_INSTALL</key>
				<string>YES</string>
			</dict>
			<key>isa</key>
			<string>XCBuildConfiguration</string>
			<key>name</key>
			<string>Debug</string>
		</dict>
		<key>C90D1C761A24CBD100016FE4</key>
		<dict>
			<key>baseConfigurationReference</key>
			<string>30A936A4C306C6CA7E53379B</string>
			<key>buildSettings</key>
			<dict>
				<key>OTHER_LDFLAGS</key>
				<string></string>
				<key>PRODUCT_NAME</key>
				<string>KlarnaOnDemand</string>
				<key>SKIP_INSTALL</key>
				<string>YES</string>
			</dict>
			<key>isa</key>
			<string>XCBuildConfiguration</string>
			<key>name</key>
			<string>Release</string>
		</dict>
		<key>C90D1C771A24CBD100016FE4</key>
		<dict>
			<key>buildConfigurations</key>
			<array>
				<string>C90D1C781A24CBD100016FE4</string>
				<string>C90D1C791A24CBD100016FE4</string>
			</array>
			<key>defaultConfigurationIsVisible</key>
			<string>0</string>
			<key>defaultConfigurationName</key>
			<string>Release</string>
			<key>isa</key>
			<string>XCConfigurationList</string>
		</dict>
		<key>C90D1C781A24CBD100016FE4</key>
		<dict>
			<key>baseConfigurationReference</key>
			<string>787D5A12488247D4C7B5FC9E</string>
			<key>buildSettings</key>
			<dict>
				<key>FRAMEWORK_SEARCH_PATHS</key>
				<array>
					<string>$(SDKROOT)/Developer/Library/Frameworks</string>
					<string>$(inherited)</string>
				</array>
				<key>GCC_PREFIX_HEADER</key>
				<string>KlarnaOnDemandTests/KlarnaOnDemandTests.pch</string>
				<key>GCC_PREPROCESSOR_DEFINITIONS</key>
				<array>
					<string>DEBUG=1</string>
					<string>$(inherited)</string>
				</array>
				<key>INFOPLIST_FILE</key>
				<string>KlarnaOnDemandTests/KlarnaOnDemandTests.plist</string>
				<key>LD_RUNPATH_SEARCH_PATHS</key>
				<string>$(inherited) @executable_path/Frameworks @loader_path/Frameworks</string>
				<key>LIBRARY_SEARCH_PATHS</key>
				<array>
					<string>$(inherited)</string>
					<string>$(PROJECT_DIR)/Pods/build/Debug-iphoneos</string>
				</array>
				<key>PRODUCT_NAME</key>
				<string>KlarnaOnDemandTests</string>
			</dict>
			<key>isa</key>
			<string>XCBuildConfiguration</string>
			<key>name</key>
			<string>Debug</string>
		</dict>
		<key>C90D1C791A24CBD100016FE4</key>
		<dict>
			<key>baseConfigurationReference</key>
			<string>8A6713AF3B794D95017D61E6</string>
			<key>buildSettings</key>
			<dict>
				<key>FRAMEWORK_SEARCH_PATHS</key>
				<array>
					<string>$(SDKROOT)/Developer/Library/Frameworks</string>
					<string>$(inherited)</string>
				</array>
				<key>GCC_PREFIX_HEADER</key>
				<string>KlarnaOnDemandTests/KlarnaOnDemandTests.pch</string>
				<key>INFOPLIST_FILE</key>
				<string>KlarnaOnDemandTests/KlarnaOnDemandTests.plist</string>
				<key>LD_RUNPATH_SEARCH_PATHS</key>
				<string>$(inherited) @executable_path/Frameworks @loader_path/Frameworks</string>
				<key>LIBRARY_SEARCH_PATHS</key>
				<array>
					<string>$(inherited)</string>
					<string>$(PROJECT_DIR)/Pods/build/Debug-iphoneos</string>
				</array>
				<key>PRODUCT_NAME</key>
				<string>KlarnaOnDemandTests</string>
			</dict>
			<key>isa</key>
			<string>XCBuildConfiguration</string>
			<key>name</key>
			<string>Release</string>
		</dict>
		<key>C90D1C831A24CD2800016FE4</key>
		<dict>
			<key>fileEncoding</key>
			<string>4</string>
			<key>isa</key>
			<string>PBXFileReference</string>
			<key>lastKnownFileType</key>
			<string>sourcecode.c.h</string>
			<key>path</key>
			<string>KODContext.h</string>
			<key>sourceTree</key>
			<string>&lt;group&gt;</string>
		</dict>
		<key>C90D1C841A24CD2800016FE4</key>
		<dict>
			<key>fileEncoding</key>
			<string>4</string>
			<key>isa</key>
			<string>PBXFileReference</string>
			<key>lastKnownFileType</key>
			<string>sourcecode.c.objc</string>
			<key>path</key>
			<string>KODContext.m</string>
			<key>sourceTree</key>
			<string>&lt;group&gt;</string>
		</dict>
		<key>C90D1C851A24CD2800016FE4</key>
		<dict>
			<key>fileEncoding</key>
			<string>4</string>
			<key>isa</key>
			<string>PBXFileReference</string>
			<key>lastKnownFileType</key>
			<string>sourcecode.c.h</string>
			<key>path</key>
			<string>KODRegistrationViewController.h</string>
			<key>sourceTree</key>
			<string>&lt;group&gt;</string>
		</dict>
		<key>C90D1C861A24CD2800016FE4</key>
		<dict>
			<key>fileEncoding</key>
			<string>4</string>
			<key>isa</key>
			<string>PBXFileReference</string>
			<key>lastKnownFileType</key>
			<string>sourcecode.c.objc</string>
			<key>path</key>
			<string>KODRegistrationViewController.m</string>
			<key>sourceTree</key>
			<string>&lt;group&gt;</string>
		</dict>
		<key>C90D1C871A24CD2800016FE4</key>
		<dict>
			<key>fileEncoding</key>
			<string>4</string>
			<key>isa</key>
			<string>PBXFileReference</string>
			<key>lastKnownFileType</key>
			<string>sourcecode.c.h</string>
			<key>path</key>
			<string>KODUrl.h</string>
			<key>sourceTree</key>
			<string>&lt;group&gt;</string>
		</dict>
		<key>C90D1C881A24CD2800016FE4</key>
		<dict>
			<key>fileEncoding</key>
			<string>4</string>
			<key>isa</key>
			<string>PBXFileReference</string>
			<key>lastKnownFileType</key>
			<string>sourcecode.c.objc</string>
			<key>path</key>
			<string>KODUrl.m</string>
			<key>sourceTree</key>
			<string>&lt;group&gt;</string>
		</dict>
		<key>C90D1C891A24CD2800016FE4</key>
		<dict>
			<key>fileRef</key>
			<string>C90D1C841A24CD2800016FE4</string>
			<key>isa</key>
			<string>PBXBuildFile</string>
		</dict>
		<key>C90D1C8A1A24CD2800016FE4</key>
		<dict>
			<key>fileRef</key>
			<string>C90D1C861A24CD2800016FE4</string>
			<key>isa</key>
			<string>PBXBuildFile</string>
		</dict>
		<key>C90D1C8B1A24CD2800016FE4</key>
		<dict>
			<key>fileRef</key>
			<string>C90D1C881A24CD2800016FE4</string>
			<key>isa</key>
			<string>PBXBuildFile</string>
		</dict>
		<key>C92CF94F1A51999C00430691</key>
		<dict>
			<key>fileEncoding</key>
			<string>4</string>
			<key>isa</key>
			<string>PBXFileReference</string>
			<key>lastKnownFileType</key>
			<string>sourcecode.c.objc</string>
			<key>path</key>
			<string>KODRegistrationResultSpec.m</string>
			<key>sourceTree</key>
			<string>&lt;group&gt;</string>
		</dict>
		<key>C92CF9501A51999C00430691</key>
		<dict>
			<key>fileRef</key>
			<string>C92CF94F1A51999C00430691</string>
			<key>isa</key>
			<string>PBXBuildFile</string>
		</dict>
		<key>C954ABA51A345B5E00574C11</key>
		<dict>
			<key>fileEncoding</key>
			<string>4</string>
			<key>isa</key>
			<string>PBXFileReference</string>
			<key>lastKnownFileType</key>
			<string>sourcecode.c.h</string>
			<key>name</key>
			<string>KODLocalization.h</string>
			<key>path</key>
			<string>KlarnaOnDemand/KODLocalization.h</string>
			<key>sourceTree</key>
			<string>SOURCE_ROOT</string>
		</dict>
		<key>C954ABA61A345B5E00574C11</key>
		<dict>
			<key>fileEncoding</key>
			<string>4</string>
			<key>isa</key>
			<string>PBXFileReference</string>
			<key>lastKnownFileType</key>
			<string>sourcecode.c.objc</string>
			<key>name</key>
			<string>KODLocalization.m</string>
			<key>path</key>
			<string>KlarnaOnDemand/KODLocalization.m</string>
			<key>sourceTree</key>
			<string>SOURCE_ROOT</string>
		</dict>
		<key>C954ABA71A345B5E00574C11</key>
		<dict>
			<key>fileRef</key>
			<string>C954ABA61A345B5E00574C11</string>
			<key>isa</key>
			<string>PBXBuildFile</string>
		</dict>
		<key>C954ABCD1A34950300574C11</key>
		<dict>
			<key>isa</key>
			<string>PBXFileReference</string>
			<key>lastKnownFileType</key>
			<string>wrapper.plug-in</string>
			<key>name</key>
			<string>KOD.bundle</string>
			<key>path</key>
			<string>KlarnaOnDemand/KOD.bundle</string>
			<key>sourceTree</key>
			<string>SOURCE_ROOT</string>
		</dict>
		<key>C954ABE11A35AB6300574C11</key>
		<dict>
			<key>fileRef</key>
			<string>C954ABCD1A34950300574C11</string>
			<key>isa</key>
			<string>PBXBuildFile</string>
		</dict>
		<key>C9E7F1F81A3F3FEA0005205B</key>
		<dict>
			<key>children</key>
			<array>
				<string>C9E7F1F91A3F3FEA0005205B</string>
				<string>C9E7F2081A3F3FEA0005205B</string>
				<string>C9E7F2091A3F3FEA0005205B</string>
				<string>C9E7F20F1A3F3FEA0005205B</string>
			</array>
			<key>isa</key>
			<string>PBXGroup</string>
			<key>name</key>
			<string>Crypto</string>
			<key>path</key>
			<string>3rdParty/Crypto</string>
			<key>sourceTree</key>
			<string>&lt;group&gt;</string>
		</dict>
		<key>C9E7F1F91A3F3FEA0005205B</key>
		<dict>
			<key>children</key>
			<array>
				<string>C9E7F1FA1A3F3FEA0005205B</string>
				<string>C9E7F1FB1A3F3FEA0005205B</string>
				<string>C9E7F1FC1A3F3FEA0005205B</string>
				<string>C9E7F1FD1A3F3FEA0005205B</string>
				<string>C9E7F1FE1A3F3FEA0005205B</string>
				<string>C9E7F1FF1A3F3FEA0005205B</string>
				<string>C9E7F2001A3F3FEA0005205B</string>
				<string>C9E7F2011A3F3FEA0005205B</string>
				<string>C9E7F2021A3F3FEA0005205B</string>
				<string>C9E7F2031A3F3FEA0005205B</string>
				<string>C9E7F2041A3F3FEA0005205B</string>
				<string>C9E7F2051A3F3FEA0005205B</string>
				<string>C9E7F2061A3F3FEA0005205B</string>
				<string>C9E7F2071A3F3FEA0005205B</string>
			</array>
			<key>isa</key>
			<string>PBXGroup</string>
			<key>path</key>
			<string>Crypto</string>
			<key>sourceTree</key>
			<string>&lt;group&gt;</string>
		</dict>
		<key>C9E7F1FA1A3F3FEA0005205B</key>
		<dict>
			<key>fileEncoding</key>
			<string>4</string>
			<key>isa</key>
			<string>PBXFileReference</string>
			<key>lastKnownFileType</key>
			<string>sourcecode.c.h</string>
			<key>path</key>
			<string>BDAESCBC256Cryptor.h</string>
			<key>sourceTree</key>
			<string>&lt;group&gt;</string>
		</dict>
		<key>C9E7F1FB1A3F3FEA0005205B</key>
		<dict>
			<key>fileEncoding</key>
			<string>4</string>
			<key>isa</key>
			<string>PBXFileReference</string>
			<key>lastKnownFileType</key>
			<string>sourcecode.c.objc</string>
			<key>path</key>
			<string>BDAESCBC256Cryptor.m</string>
			<key>sourceTree</key>
			<string>&lt;group&gt;</string>
		</dict>
		<key>C9E7F1FC1A3F3FEA0005205B</key>
		<dict>
			<key>fileEncoding</key>
			<string>4</string>
			<key>isa</key>
			<string>PBXFileReference</string>
			<key>lastKnownFileType</key>
			<string>sourcecode.c.h</string>
			<key>path</key>
			<string>BDAESCryptor.h</string>
			<key>sourceTree</key>
			<string>&lt;group&gt;</string>
		</dict>
		<key>C9E7F1FD1A3F3FEA0005205B</key>
		<dict>
			<key>fileEncoding</key>
			<string>4</string>
			<key>isa</key>
			<string>PBXFileReference</string>
			<key>lastKnownFileType</key>
			<string>sourcecode.c.objc</string>
			<key>path</key>
			<string>BDAESCryptor.m</string>
			<key>sourceTree</key>
			<string>&lt;group&gt;</string>
		</dict>
		<key>C9E7F1FE1A3F3FEA0005205B</key>
		<dict>
			<key>fileEncoding</key>
			<string>4</string>
			<key>isa</key>
			<string>PBXFileReference</string>
			<key>lastKnownFileType</key>
			<string>sourcecode.c.h</string>
			<key>path</key>
			<string>BDCryptor.h</string>
			<key>sourceTree</key>
			<string>&lt;group&gt;</string>
		</dict>
		<key>C9E7F1FF1A3F3FEA0005205B</key>
		<dict>
			<key>fileEncoding</key>
			<string>4</string>
			<key>isa</key>
			<string>PBXFileReference</string>
			<key>lastKnownFileType</key>
			<string>sourcecode.c.objc</string>
			<key>path</key>
			<string>BDCryptor.m</string>
			<key>sourceTree</key>
			<string>&lt;group&gt;</string>
		</dict>
		<key>C9E7F2001A3F3FEA0005205B</key>
		<dict>
			<key>fileEncoding</key>
			<string>4</string>
			<key>isa</key>
			<string>PBXFileReference</string>
			<key>lastKnownFileType</key>
			<string>sourcecode.c.h</string>
			<key>path</key>
			<string>BDCryptorError.h</string>
			<key>sourceTree</key>
			<string>&lt;group&gt;</string>
		</dict>
		<key>C9E7F2011A3F3FEA0005205B</key>
		<dict>
			<key>fileEncoding</key>
			<string>4</string>
			<key>isa</key>
			<string>PBXFileReference</string>
			<key>lastKnownFileType</key>
			<string>sourcecode.c.objc</string>
			<key>path</key>
			<string>BDCryptorError.m</string>
			<key>sourceTree</key>
			<string>&lt;group&gt;</string>
		</dict>
		<key>C9E7F2021A3F3FEA0005205B</key>
		<dict>
			<key>fileEncoding</key>
			<string>4</string>
			<key>isa</key>
			<string>PBXFileReference</string>
			<key>lastKnownFileType</key>
			<string>sourcecode.c.h</string>
			<key>path</key>
			<string>BDRSACryptor.h</string>
			<key>sourceTree</key>
			<string>&lt;group&gt;</string>
		</dict>
		<key>C9E7F2031A3F3FEA0005205B</key>
		<dict>
			<key>fileEncoding</key>
			<string>4</string>
			<key>isa</key>
			<string>PBXFileReference</string>
			<key>lastKnownFileType</key>
			<string>sourcecode.c.objc</string>
			<key>path</key>
			<string>BDRSACryptor.m</string>
			<key>sourceTree</key>
			<string>&lt;group&gt;</string>
		</dict>
		<key>C9E7F2041A3F3FEA0005205B</key>
		<dict>
			<key>fileEncoding</key>
			<string>4</string>
			<key>isa</key>
			<string>PBXFileReference</string>
			<key>lastKnownFileType</key>
			<string>sourcecode.c.h</string>
			<key>path</key>
			<string>BDRSACryptorKeyPair.h</string>
			<key>sourceTree</key>
			<string>&lt;group&gt;</string>
		</dict>
		<key>C9E7F2051A3F3FEA0005205B</key>
		<dict>
			<key>fileEncoding</key>
			<string>4</string>
			<key>isa</key>
			<string>PBXFileReference</string>
			<key>lastKnownFileType</key>
			<string>sourcecode.c.objc</string>
			<key>path</key>
			<string>BDRSACryptorKeyPair.m</string>
			<key>sourceTree</key>
			<string>&lt;group&gt;</string>
		</dict>
		<key>C9E7F2061A3F3FEA0005205B</key>
		<dict>
			<key>fileEncoding</key>
			<string>4</string>
			<key>isa</key>
			<string>PBXFileReference</string>
			<key>lastKnownFileType</key>
			<string>sourcecode.c.h</string>
			<key>path</key>
			<string>BDSHA512Cryptor.h</string>
			<key>sourceTree</key>
			<string>&lt;group&gt;</string>
		</dict>
		<key>C9E7F2071A3F3FEA0005205B</key>
		<dict>
			<key>fileEncoding</key>
			<string>4</string>
			<key>isa</key>
			<string>PBXFileReference</string>
			<key>lastKnownFileType</key>
			<string>sourcecode.c.objc</string>
			<key>path</key>
			<string>BDSHA512Cryptor.m</string>
			<key>sourceTree</key>
			<string>&lt;group&gt;</string>
		</dict>
		<key>C9E7F2081A3F3FEA0005205B</key>
		<dict>
			<key>fileEncoding</key>
			<string>4</string>
			<key>isa</key>
			<string>PBXFileReference</string>
			<key>lastKnownFileType</key>
			<string>sourcecode.c.h</string>
			<key>path</key>
			<string>Crypto-Prefix.pch</string>
			<key>sourceTree</key>
			<string>&lt;group&gt;</string>
		</dict>
		<key>C9E7F2091A3F3FEA0005205B</key>
		<dict>
			<key>children</key>
			<array>
				<string>C9E7F20A1A3F3FEA0005205B</string>
			</array>
			<key>isa</key>
			<string>PBXGroup</string>
			<key>path</key>
			<string>External</string>
			<key>sourceTree</key>
			<string>&lt;group&gt;</string>
		</dict>
		<key>C9E7F20A1A3F3FEA0005205B</key>
		<dict>
			<key>children</key>
			<array>
				<string>C9E7F2621A4086980005205B</string>
				<string>C9E7F20C1A3F3FEA0005205B</string>
				<string>C9E7F20D1A3F3FEA0005205B</string>
				<string>C9E7F20E1A3F3FEA0005205B</string>
			</array>
			<key>isa</key>
			<string>PBXGroup</string>
			<key>path</key>
			<string>Base64</string>
			<key>sourceTree</key>
			<string>&lt;group&gt;</string>
		</dict>
		<key>C9E7F20C1A3F3FEA0005205B</key>
		<dict>
			<key>fileEncoding</key>
			<string>4</string>
			<key>isa</key>
			<string>PBXFileReference</string>
			<key>lastKnownFileType</key>
			<string>sourcecode.c.objc</string>
			<key>path</key>
			<string>NSData+Base64.m</string>
			<key>sourceTree</key>
			<string>&lt;group&gt;</string>
		</dict>
		<key>C9E7F20D1A3F3FEA0005205B</key>
		<dict>
			<key>fileEncoding</key>
			<string>4</string>
			<key>isa</key>
			<string>PBXFileReference</string>
			<key>lastKnownFileType</key>
			<string>sourcecode.c.h</string>
			<key>path</key>
			<string>NSString+Base64.h</string>
			<key>sourceTree</key>
			<string>&lt;group&gt;</string>
		</dict>
		<key>C9E7F20E1A3F3FEA0005205B</key>
		<dict>
			<key>fileEncoding</key>
			<string>4</string>
			<key>isa</key>
			<string>PBXFileReference</string>
			<key>lastKnownFileType</key>
			<string>sourcecode.c.objc</string>
			<key>path</key>
			<string>NSString+Base64.m</string>
			<key>sourceTree</key>
			<string>&lt;group&gt;</string>
		</dict>
		<key>C9E7F20F1A3F3FEA0005205B</key>
		<dict>
			<key>children</key>
			<array>
				<string>C9E7F2101A3F3FEA0005205B</string>
			</array>
			<key>isa</key>
			<string>PBXGroup</string>
			<key>path</key>
			<string>Utilities</string>
			<key>sourceTree</key>
			<string>&lt;group&gt;</string>
		</dict>
		<key>C9E7F2101A3F3FEA0005205B</key>
		<dict>
			<key>children</key>
			<array>
				<string>C9E7F2111A3F3FEA0005205B</string>
				<string>C9E7F2251A3F3FEA0005205B</string>
				<string>C9E7F2281A3F3FEA0005205B</string>
				<string>C9E7F22B1A3F3FEA0005205B</string>
			</array>
			<key>isa</key>
			<string>PBXGroup</string>
			<key>path</key>
			<string>General</string>
			<key>sourceTree</key>
			<string>&lt;group&gt;</string>
		</dict>
		<key>C9E7F2111A3F3FEA0005205B</key>
		<dict>
			<key>children</key>
			<array>
				<string>C9E7F2121A3F3FEA0005205B</string>
				<string>C9E7F2221A3F3FEA0005205B</string>
			</array>
			<key>isa</key>
			<string>PBXGroup</string>
			<key>path</key>
			<string>Categories</string>
			<key>sourceTree</key>
			<string>&lt;group&gt;</string>
		</dict>
		<key>C9E7F2121A3F3FEA0005205B</key>
		<dict>
			<key>children</key>
			<array>
				<string>C9E7F2131A3F3FEA0005205B</string>
				<string>C9E7F2141A3F3FEA0005205B</string>
				<string>C9E7F2151A3F3FEA0005205B</string>
				<string>C9E7F2161A3F3FEA0005205B</string>
				<string>C9E7F2171A3F3FEA0005205B</string>
				<string>C9E7F2181A3F3FEA0005205B</string>
				<string>C9E7F2191A3F3FEA0005205B</string>
				<string>C9E7F21A1A3F3FEA0005205B</string>
				<string>C9E7F21B1A3F3FEA0005205B</string>
				<string>C9E7F21C1A3F3FEA0005205B</string>
				<string>C9E7F21D1A3F3FEA0005205B</string>
				<string>C9E7F21E1A3F3FEA0005205B</string>
				<string>C9E7F21F1A3F3FEA0005205B</string>
				<string>C9E7F2201A3F3FEA0005205B</string>
				<string>C9E7F2211A3F3FEA0005205B</string>
			</array>
			<key>isa</key>
			<string>PBXGroup</string>
			<key>path</key>
			<string>JSON</string>
			<key>sourceTree</key>
			<string>&lt;group&gt;</string>
		</dict>
		<key>C9E7F2131A3F3FEA0005205B</key>
		<dict>
			<key>fileEncoding</key>
			<string>4</string>
			<key>isa</key>
			<string>PBXFileReference</string>
			<key>lastKnownFileType</key>
			<string>sourcecode.c.h</string>
			<key>path</key>
			<string>BDJSON.h</string>
			<key>sourceTree</key>
			<string>&lt;group&gt;</string>
		</dict>
		<key>C9E7F2141A3F3FEA0005205B</key>
		<dict>
			<key>fileEncoding</key>
			<string>4</string>
			<key>isa</key>
			<string>PBXFileReference</string>
			<key>lastKnownFileType</key>
			<string>sourcecode.c.h</string>
			<key>path</key>
			<string>BDJSONError.h</string>
			<key>sourceTree</key>
			<string>&lt;group&gt;</string>
		</dict>
		<key>C9E7F2151A3F3FEA0005205B</key>
		<dict>
			<key>fileEncoding</key>
			<string>4</string>
			<key>isa</key>
			<string>PBXFileReference</string>
			<key>lastKnownFileType</key>
			<string>sourcecode.c.objc</string>
			<key>path</key>
			<string>BDJSONError.m</string>
			<key>sourceTree</key>
			<string>&lt;group&gt;</string>
		</dict>
		<key>C9E7F2161A3F3FEA0005205B</key>
		<dict>
			<key>fileEncoding</key>
			<string>4</string>
			<key>isa</key>
			<string>PBXFileReference</string>
			<key>lastKnownFileType</key>
			<string>sourcecode.c.h</string>
			<key>path</key>
			<string>NSArray+BDJSONSerialization.h</string>
			<key>sourceTree</key>
			<string>&lt;group&gt;</string>
		</dict>
		<key>C9E7F2171A3F3FEA0005205B</key>
		<dict>
			<key>fileEncoding</key>
			<string>4</string>
			<key>isa</key>
			<string>PBXFileReference</string>
			<key>lastKnownFileType</key>
			<string>sourcecode.c.objc</string>
			<key>path</key>
			<string>NSArray+BDJSONSerialization.m</string>
			<key>sourceTree</key>
			<string>&lt;group&gt;</string>
		</dict>
		<key>C9E7F2181A3F3FEA0005205B</key>
		<dict>
			<key>fileEncoding</key>
			<string>4</string>
			<key>isa</key>
			<string>PBXFileReference</string>
			<key>lastKnownFileType</key>
			<string>sourcecode.c.h</string>
			<key>path</key>
			<string>NSData+BDJSONSerialization.h</string>
			<key>sourceTree</key>
			<string>&lt;group&gt;</string>
		</dict>
		<key>C9E7F2191A3F3FEA0005205B</key>
		<dict>
			<key>fileEncoding</key>
			<string>4</string>
			<key>isa</key>
			<string>PBXFileReference</string>
			<key>lastKnownFileType</key>
			<string>sourcecode.c.objc</string>
			<key>path</key>
			<string>NSData+BDJSONSerialization.m</string>
			<key>sourceTree</key>
			<string>&lt;group&gt;</string>
		</dict>
		<key>C9E7F21A1A3F3FEA0005205B</key>
		<dict>
			<key>fileEncoding</key>
			<string>4</string>
			<key>isa</key>
			<string>PBXFileReference</string>
			<key>lastKnownFileType</key>
			<string>sourcecode.c.h</string>
			<key>path</key>
			<string>NSDictionary+BDJSONSerialization.h</string>
			<key>sourceTree</key>
			<string>&lt;group&gt;</string>
		</dict>
		<key>C9E7F21B1A3F3FEA0005205B</key>
		<dict>
			<key>fileEncoding</key>
			<string>4</string>
			<key>isa</key>
			<string>PBXFileReference</string>
			<key>lastKnownFileType</key>
			<string>sourcecode.c.objc</string>
			<key>path</key>
			<string>NSDictionary+BDJSONSerialization.m</string>
			<key>sourceTree</key>
			<string>&lt;group&gt;</string>
		</dict>
		<key>C9E7F21C1A3F3FEA0005205B</key>
		<dict>
			<key>fileEncoding</key>
			<string>4</string>
			<key>isa</key>
			<string>PBXFileReference</string>
			<key>lastKnownFileType</key>
			<string>sourcecode.c.h</string>
			<key>path</key>
			<string>NSDictionary+BDParseJSON.h</string>
			<key>sourceTree</key>
			<string>&lt;group&gt;</string>
		</dict>
		<key>C9E7F21D1A3F3FEA0005205B</key>
		<dict>
			<key>fileEncoding</key>
			<string>4</string>
			<key>isa</key>
			<string>PBXFileReference</string>
			<key>lastKnownFileType</key>
			<string>sourcecode.c.objc</string>
			<key>path</key>
			<string>NSDictionary+BDParseJSON.m</string>
			<key>sourceTree</key>
			<string>&lt;group&gt;</string>
		</dict>
		<key>C9E7F21E1A3F3FEA0005205B</key>
		<dict>
			<key>fileEncoding</key>
			<string>4</string>
			<key>isa</key>
			<string>PBXFileReference</string>
			<key>lastKnownFileType</key>
			<string>sourcecode.c.h</string>
			<key>path</key>
			<string>NSObject+BDJSONSerialization.h</string>
			<key>sourceTree</key>
			<string>&lt;group&gt;</string>
		</dict>
		<key>C9E7F21F1A3F3FEA0005205B</key>
		<dict>
			<key>fileEncoding</key>
			<string>4</string>
			<key>isa</key>
			<string>PBXFileReference</string>
			<key>lastKnownFileType</key>
			<string>sourcecode.c.objc</string>
			<key>path</key>
			<string>NSObject+BDJSONSerialization.m</string>
			<key>sourceTree</key>
			<string>&lt;group&gt;</string>
		</dict>
		<key>C9E7F2201A3F3FEA0005205B</key>
		<dict>
			<key>fileEncoding</key>
			<string>4</string>
			<key>isa</key>
			<string>PBXFileReference</string>
			<key>lastKnownFileType</key>
			<string>sourcecode.c.h</string>
			<key>path</key>
			<string>NSString+BDJSONSerialization.h</string>
			<key>sourceTree</key>
			<string>&lt;group&gt;</string>
		</dict>
		<key>C9E7F2211A3F3FEA0005205B</key>
		<dict>
			<key>fileEncoding</key>
			<string>4</string>
			<key>isa</key>
			<string>PBXFileReference</string>
			<key>lastKnownFileType</key>
			<string>sourcecode.c.objc</string>
			<key>path</key>
			<string>NSString+BDJSONSerialization.m</string>
			<key>sourceTree</key>
			<string>&lt;group&gt;</string>
		</dict>
		<key>C9E7F2221A3F3FEA0005205B</key>
		<dict>
			<key>children</key>
			<array>
				<string>C9E7F2231A3F3FEA0005205B</string>
				<string>C9E7F2241A3F3FEA0005205B</string>
			</array>
			<key>isa</key>
			<string>PBXGroup</string>
			<key>path</key>
			<string>String</string>
			<key>sourceTree</key>
			<string>&lt;group&gt;</string>
		</dict>
		<key>C9E7F2231A3F3FEA0005205B</key>
		<dict>
			<key>fileEncoding</key>
			<string>4</string>
			<key>isa</key>
			<string>PBXFileReference</string>
			<key>lastKnownFileType</key>
			<string>sourcecode.c.h</string>
			<key>path</key>
			<string>NSString+BDUtilities.h</string>
			<key>sourceTree</key>
			<string>&lt;group&gt;</string>
		</dict>
		<key>C9E7F2241A3F3FEA0005205B</key>
		<dict>
			<key>fileEncoding</key>
			<string>4</string>
			<key>isa</key>
			<string>PBXFileReference</string>
			<key>lastKnownFileType</key>
			<string>sourcecode.c.objc</string>
			<key>path</key>
			<string>NSString+BDUtilities.m</string>
			<key>sourceTree</key>
			<string>&lt;group&gt;</string>
		</dict>
		<key>C9E7F2251A3F3FEA0005205B</key>
		<dict>
			<key>children</key>
			<array>
				<string>C9E7F2261A3F3FEA0005205B</string>
				<string>C9E7F2271A3F3FEA0005205B</string>
			</array>
			<key>isa</key>
			<string>PBXGroup</string>
			<key>path</key>
			<string>Error</string>
			<key>sourceTree</key>
			<string>&lt;group&gt;</string>
		</dict>
		<key>C9E7F2261A3F3FEA0005205B</key>
		<dict>
			<key>fileEncoding</key>
			<string>4</string>
			<key>isa</key>
			<string>PBXFileReference</string>
			<key>lastKnownFileType</key>
			<string>sourcecode.c.h</string>
			<key>path</key>
			<string>BDError.h</string>
			<key>sourceTree</key>
			<string>&lt;group&gt;</string>
		</dict>
		<key>C9E7F2271A3F3FEA0005205B</key>
		<dict>
			<key>fileEncoding</key>
			<string>4</string>
			<key>isa</key>
			<string>PBXFileReference</string>
			<key>lastKnownFileType</key>
			<string>sourcecode.c.objc</string>
			<key>path</key>
			<string>BDError.m</string>
			<key>sourceTree</key>
			<string>&lt;group&gt;</string>
		</dict>
		<key>C9E7F2281A3F3FEA0005205B</key>
		<dict>
			<key>children</key>
			<array>
				<string>C9E7F2291A3F3FEA0005205B</string>
			</array>
			<key>isa</key>
			<string>PBXGroup</string>
			<key>path</key>
			<string>HTTP</string>
			<key>sourceTree</key>
			<string>&lt;group&gt;</string>
		</dict>
		<key>C9E7F2291A3F3FEA0005205B</key>
		<dict>
			<key>children</key>
			<array>
				<string>C9E7F22A1A3F3FEA0005205B</string>
			</array>
			<key>isa</key>
			<string>PBXGroup</string>
			<key>path</key>
			<string>HTTPURLResponse</string>
			<key>sourceTree</key>
			<string>&lt;group&gt;</string>
		</dict>
		<key>C9E7F22A1A3F3FEA0005205B</key>
		<dict>
			<key>children</key>
			<array/>
			<key>isa</key>
			<string>PBXGroup</string>
			<key>path</key>
			<string>HTTPURLJSONArrayResponse</string>
			<key>sourceTree</key>
			<string>&lt;group&gt;</string>
		</dict>
		<key>C9E7F22B1A3F3FEA0005205B</key>
		<dict>
			<key>children</key>
			<array>
				<string>C9E7F22C1A3F3FEA0005205B</string>
			</array>
			<key>isa</key>
			<string>PBXGroup</string>
			<key>path</key>
			<string>Macros</string>
			<key>sourceTree</key>
			<string>&lt;group&gt;</string>
		</dict>
		<key>C9E7F22C1A3F3FEA0005205B</key>
		<dict>
			<key>children</key>
			<array>
				<string>C9E7F22D1A3F3FEA0005205B</string>
			</array>
			<key>isa</key>
			<string>PBXGroup</string>
			<key>path</key>
			<string>Log</string>
			<key>sourceTree</key>
			<string>&lt;group&gt;</string>
		</dict>
		<key>C9E7F22D1A3F3FEA0005205B</key>
		<dict>
			<key>fileEncoding</key>
			<string>4</string>
			<key>isa</key>
			<string>PBXFileReference</string>
			<key>lastKnownFileType</key>
			<string>sourcecode.c.h</string>
			<key>path</key>
			<string>BDLog.h</string>
			<key>sourceTree</key>
			<string>&lt;group&gt;</string>
		</dict>
		<key>C9E7F22E1A3F3FEA0005205B</key>
		<dict>
			<key>fileRef</key>
			<string>C9E7F1FB1A3F3FEA0005205B</string>
			<key>isa</key>
			<string>PBXBuildFile</string>
		</dict>
		<key>C9E7F22F1A3F3FEA0005205B</key>
		<dict>
			<key>fileRef</key>
			<string>C9E7F1FD1A3F3FEA0005205B</string>
			<key>isa</key>
			<string>PBXBuildFile</string>
		</dict>
		<key>C9E7F2301A3F3FEA0005205B</key>
		<dict>
			<key>fileRef</key>
			<string>C9E7F1FF1A3F3FEA0005205B</string>
			<key>isa</key>
			<string>PBXBuildFile</string>
		</dict>
		<key>C9E7F2311A3F3FEA0005205B</key>
		<dict>
			<key>fileRef</key>
			<string>C9E7F2011A3F3FEA0005205B</string>
			<key>isa</key>
			<string>PBXBuildFile</string>
		</dict>
		<key>C9E7F2321A3F3FEA0005205B</key>
		<dict>
			<key>fileRef</key>
			<string>C9E7F2031A3F3FEA0005205B</string>
			<key>isa</key>
			<string>PBXBuildFile</string>
		</dict>
		<key>C9E7F2331A3F3FEA0005205B</key>
		<dict>
			<key>fileRef</key>
			<string>C9E7F2051A3F3FEA0005205B</string>
			<key>isa</key>
			<string>PBXBuildFile</string>
		</dict>
		<key>C9E7F2341A3F3FEA0005205B</key>
		<dict>
			<key>fileRef</key>
			<string>C9E7F2071A3F3FEA0005205B</string>
			<key>isa</key>
			<string>PBXBuildFile</string>
		</dict>
		<key>C9E7F2351A3F3FEA0005205B</key>
		<dict>
			<key>fileRef</key>
			<string>C9E7F20C1A3F3FEA0005205B</string>
			<key>isa</key>
			<string>PBXBuildFile</string>
		</dict>
		<key>C9E7F2361A3F3FEA0005205B</key>
		<dict>
			<key>fileRef</key>
			<string>C9E7F20E1A3F3FEA0005205B</string>
			<key>isa</key>
			<string>PBXBuildFile</string>
		</dict>
		<key>C9E7F2371A3F3FEA0005205B</key>
		<dict>
			<key>fileRef</key>
			<string>C9E7F2151A3F3FEA0005205B</string>
			<key>isa</key>
			<string>PBXBuildFile</string>
		</dict>
		<key>C9E7F2381A3F3FEA0005205B</key>
		<dict>
			<key>fileRef</key>
			<string>C9E7F2171A3F3FEA0005205B</string>
			<key>isa</key>
			<string>PBXBuildFile</string>
		</dict>
		<key>C9E7F2391A3F3FEA0005205B</key>
		<dict>
			<key>fileRef</key>
			<string>C9E7F2191A3F3FEA0005205B</string>
			<key>isa</key>
			<string>PBXBuildFile</string>
		</dict>
		<key>C9E7F23A1A3F3FEA0005205B</key>
		<dict>
			<key>fileRef</key>
			<string>C9E7F21B1A3F3FEA0005205B</string>
			<key>isa</key>
			<string>PBXBuildFile</string>
		</dict>
		<key>C9E7F23B1A3F3FEA0005205B</key>
		<dict>
			<key>fileRef</key>
			<string>C9E7F21D1A3F3FEA0005205B</string>
			<key>isa</key>
			<string>PBXBuildFile</string>
		</dict>
		<key>C9E7F23C1A3F3FEA0005205B</key>
		<dict>
			<key>fileRef</key>
			<string>C9E7F21F1A3F3FEA0005205B</string>
			<key>isa</key>
			<string>PBXBuildFile</string>
		</dict>
		<key>C9E7F23D1A3F3FEA0005205B</key>
		<dict>
			<key>fileRef</key>
			<string>C9E7F2211A3F3FEA0005205B</string>
			<key>isa</key>
			<string>PBXBuildFile</string>
		</dict>
		<key>C9E7F23E1A3F3FEA0005205B</key>
		<dict>
			<key>fileRef</key>
			<string>C9E7F2241A3F3FEA0005205B</string>
			<key>isa</key>
			<string>PBXBuildFile</string>
		</dict>
		<key>C9E7F23F1A3F3FEA0005205B</key>
		<dict>
			<key>fileRef</key>
			<string>C9E7F2271A3F3FEA0005205B</string>
			<key>isa</key>
			<string>PBXBuildFile</string>
		</dict>
		<key>C9E7F2401A3F45170005205B</key>
		<dict>
			<key>fileEncoding</key>
			<string>4</string>
			<key>isa</key>
			<string>PBXFileReference</string>
			<key>lastKnownFileType</key>
			<string>sourcecode.c.h</string>
			<key>name</key>
			<string>KODCrypto.h</string>
			<key>path</key>
			<string>KlarnaOnDemand/KODCrypto.h</string>
			<key>sourceTree</key>
			<string>SOURCE_ROOT</string>
		</dict>
		<key>C9E7F2411A3F45170005205B</key>
		<dict>
			<key>fileEncoding</key>
			<string>4</string>
			<key>isa</key>
			<string>PBXFileReference</string>
			<key>lastKnownFileType</key>
			<string>sourcecode.c.objc</string>
			<key>name</key>
			<string>KODCrypto.m</string>
			<key>path</key>
			<string>KlarnaOnDemand/KODCrypto.m</string>
			<key>sourceTree</key>
			<string>SOURCE_ROOT</string>
		</dict>
		<key>C9E7F2421A3F45170005205B</key>
		<dict>
			<key>fileRef</key>
			<string>C9E7F2411A3F45170005205B</string>
			<key>isa</key>
			<string>PBXBuildFile</string>
		</dict>
		<key>C9E7F2431A3F4A410005205B</key>
		<dict>
			<key>fileEncoding</key>
			<string>4</string>
			<key>isa</key>
			<string>PBXFileReference</string>
			<key>lastKnownFileType</key>
			<string>sourcecode.c.h</string>
			<key>name</key>
			<string>KODOriginProof.h</string>
			<key>path</key>
			<string>KlarnaOnDemand/KODOriginProof.h</string>
			<key>sourceTree</key>
			<string>SOURCE_ROOT</string>
		</dict>
		<key>C9E7F2441A3F4A410005205B</key>
		<dict>
			<key>fileEncoding</key>
			<string>4</string>
			<key>isa</key>
			<string>PBXFileReference</string>
			<key>lastKnownFileType</key>
			<string>sourcecode.c.objc</string>
			<key>name</key>
			<string>KODOriginProof.m</string>
			<key>path</key>
			<string>KlarnaOnDemand/KODOriginProof.m</string>
			<key>sourceTree</key>
			<string>SOURCE_ROOT</string>
		</dict>
		<key>C9E7F2451A3F4A410005205B</key>
		<dict>
			<key>fileRef</key>
			<string>C9E7F2441A3F4A410005205B</string>
			<key>isa</key>
			<string>PBXBuildFile</string>
		</dict>
		<key>C9E7F25A1A405D0E0005205B</key>
		<dict>
			<key>fileEncoding</key>
			<string>4</string>
			<key>isa</key>
			<string>PBXFileReference</string>
			<key>lastKnownFileType</key>
			<string>sourcecode.c.objc</string>
			<key>path</key>
			<string>KODOriginProofSpec.m</string>
			<key>sourceTree</key>
			<string>&lt;group&gt;</string>
		</dict>
		<key>C9E7F2621A4086980005205B</key>
		<dict>
			<key>fileEncoding</key>
			<string>4</string>
			<key>isa</key>
			<string>PBXFileReference</string>
			<key>lastKnownFileType</key>
			<string>sourcecode.c.h</string>
			<key>path</key>
			<string>NSData+Base64.h</string>
			<key>sourceTree</key>
			<string>&lt;group&gt;</string>
		</dict>
		<key>C9FC95401A278AAD00485500</key>
		<dict>
			<key>fileEncoding</key>
			<string>4</string>
			<key>isa</key>
			<string>PBXFileReference</string>
			<key>lastKnownFileType</key>
			<string>sourcecode.c.objc</string>
			<key>path</key>
			<string>KODContextSpec.m</string>
			<key>sourceTree</key>
			<string>&lt;group&gt;</string>
		</dict>
		<key>D1FE0E1CBCA1595B5EFACB69</key>
		<dict>
			<key>explicitFileType</key>
			<string>archive.ar</string>
			<key>includeInIndex</key>
			<string>0</string>
			<key>isa</key>
			<string>PBXFileReference</string>
			<key>path</key>
			<string>libPods-KlarnaOnDemandTests.a</string>
			<key>sourceTree</key>
			<string>BUILT_PRODUCTS_DIR</string>
		</dict>
		<key>E4FC8287776950D3A8F3BE8B</key>
		<dict>
			<key>fileRef</key>
			<string>443BC01E8B6591BA34CE5172</string>
			<key>isa</key>
			<string>PBXBuildFile</string>
		</dict>
		<key>EEF4B711C4FDC7C8BAE8377D</key>
		<dict>
			<key>fileRef</key>
			<string>084A0A53FD7790C41AF0C423</string>
			<key>isa</key>
			<string>PBXBuildFile</string>
		</dict>
		<key>F7CC61B5FB47EC93B3B5CB1A</key>
		<dict>
			<key>includeInIndex</key>
			<string>1</string>
			<key>isa</key>
			<string>PBXFileReference</string>
			<key>lastKnownFileType</key>
			<string>text.xcconfig</string>
			<key>name</key>
			<string>Pods-KlarnaOnDemand.debug.xcconfig</string>
			<key>path</key>
			<string>Pods/Target Support Files/Pods-KlarnaOnDemand/Pods-KlarnaOnDemand.debug.xcconfig</string>
			<key>sourceTree</key>
			<string>&lt;group&gt;</string>
		</dict>
	</dict>
	<key>rootObject</key>
	<string>C90D1C581A24CBD100016FE4</string>
</dict>
</plist>
