PODS:
  - FBSnapshotTestCase (1.4)
  - InApp (0.1.0)
  - Kiwi (2.3.1)

DEPENDENCIES:
  - FBSnapshotTestCase
  - InApp (from `../`)
  - Kiwi

EXTERNAL SOURCES:
  InApp:
    :path: ../

SPEC CHECKSUMS:
  FBSnapshotTestCase: f9f225b5ba11c8d8c09075590490df16314e4d62
  InApp: b513e87f63b50b666e717446309c656f8068ac78
  Kiwi: 73e1400209055ee9c8ba78c6012b6b642d0fb9f7

COCOAPODS: 0.34.4
