// !$*UTF8*$!
{
	archiveVersion = 1;
	classes = {
	};
	objectVersion = 46;
	objects = {

/* Begin PBXBuildFile section */
		460FDB6E1A499F2500CF327B /* KOD.bundle in Resources */ = {isa = PBXBuildFile; fileRef = 460FDB6D1A499F2500CF327B /* KOD.bundle */; };
		460FDB721A49A21200CF327B /* libKlarnaOnDemand.a in Frameworks */ = {isa = PBXBuildFile; fileRef = 460FDB711A49A21200CF327B /* libKlarnaOnDemand.a */; };
		460FDB751A49A35200CF327B /* AppDelegate.m in Sources */ = {isa = PBXBuildFile; fileRef = 460FDB741A49A35200CF327B /* AppDelegate.m */; };
		460FDB781A49A36000CF327B /* MainViewController.m in Sources */ = {isa = PBXBuildFile; fileRef = 460FDB771A49A36000CF327B /* MainViewController.m */; };
		460FDB841A49A3B500CF327B /* LaunchScreen.xib in Resources */ = {isa = PBXBuildFile; fileRef = 460FDB801A49A3B500CF327B /* LaunchScreen.xib */; };
		460FDB851A49A3B500CF327B /* Main.storyboard in Resources */ = {isa = PBXBuildFile; fileRef = 460FDB821A49A3B500CF327B /* Main.storyboard */; };
		460FDB871A49A3C500CF327B /* Images.xcassets in Resources */ = {isa = PBXBuildFile; fileRef = 460FDB861A49A3C500CF327B /* Images.xcassets */; };
		460FDB911A49A3F100CF327B /* main.m in Sources */ = {isa = PBXBuildFile; fileRef = 460FDB8F1A49A3F100CF327B /* main.m */; };
		469203AB1A4AC52900A628D6 /* CloseButton@2x.png in Resources */ = {isa = PBXBuildFile; fileRef = 469203A81A4AC52900A628D6 /* CloseButton@2x.png */; };
		469203AC1A4AC52900A628D6 /* QRCode@2x.png in Resources */ = {isa = PBXBuildFile; fileRef = 469203A91A4AC52900A628D6 /* QRCode@2x.png */; };
		469203AD1A4AC52900A628D6 /* TheGirlWithTheDragonTatoo@2x.jpg in Resources */ = {isa = PBXBuildFile; fileRef = 469203AA1A4AC52900A628D6 /* TheGirlWithTheDragonTatoo@2x.jpg */; };
/* End PBXBuildFile section */

/* Begin PBXFileReference section */
		460FDB6D1A499F2500CF327B /* KOD.bundle */ = {isa = PBXFileReference; lastKnownFileType = "wrapper.plug-in"; name = KOD.bundle; path = ../KlarnaOnDemand/KOD.bundle; sourceTree = "<group>"; };
		460FDB711A49A21200CF327B /* libKlarnaOnDemand.a */ = {isa = PBXFileReference; lastKnownFileType = archive.ar; name = libKlarnaOnDemand.a; path = "../build/Debug-iphoneos/libKlarnaOnDemand.a"; sourceTree = "<group>"; };
		460FDB731A49A35200CF327B /* AppDelegate.h */ = {isa = PBXFileReference; fileEncoding = 4; lastKnownFileType = sourcecode.c.h; name = AppDelegate.h; path = KlarnaOnDemandExample/AppDelegate.h; sourceTree = SOURCE_ROOT; };
		460FDB741A49A35200CF327B /* AppDelegate.m */ = {isa = PBXFileReference; fileEncoding = 4; lastKnownFileType = sourcecode.c.objc; name = AppDelegate.m; path = KlarnaOnDemandExample/AppDelegate.m; sourceTree = SOURCE_ROOT; };
		460FDB761A49A36000CF327B /* MainViewController.h */ = {isa = PBXFileReference; fileEncoding = 4; lastKnownFileType = sourcecode.c.h; name = MainViewController.h; path = KlarnaOnDemandExample/MainViewController.h; sourceTree = SOURCE_ROOT; };
		460FDB771A49A36000CF327B /* MainViewController.m */ = {isa = PBXFileReference; fileEncoding = 4; lastKnownFileType = sourcecode.c.objc; name = MainViewController.m; path = KlarnaOnDemandExample/MainViewController.m; sourceTree = SOURCE_ROOT; };
		460FDB811A49A3B500CF327B /* Base */ = {isa = PBXFileReference; lastKnownFileType = file.xib; name = Base; path = KlarnaOnDemandExample/Base.lproj/LaunchScreen.xib; sourceTree = SOURCE_ROOT; };
		460FDB831A49A3B500CF327B /* Base */ = {isa = PBXFileReference; lastKnownFileType = file.storyboard; name = Base; path = KlarnaOnDemandExample/Base.lproj/Main.storyboard; sourceTree = SOURCE_ROOT; };
		460FDB861A49A3C500CF327B /* Images.xcassets */ = {isa = PBXFileReference; lastKnownFileType = folder.assetcatalog; name = Images.xcassets; path = KlarnaOnDemandExample/Images.xcassets; sourceTree = SOURCE_ROOT; };
		460FDB8E1A49A3F100CF327B /* Info.plist */ = {isa = PBXFileReference; fileEncoding = 4; lastKnownFileType = text.plist.xml; name = Info.plist; path = KlarnaOnDemandExample/Info.plist; sourceTree = SOURCE_ROOT; };
		460FDB8F1A49A3F100CF327B /* main.m */ = {isa = PBXFileReference; fileEncoding = 4; lastKnownFileType = sourcecode.c.objc; name = main.m; path = KlarnaOnDemandExample/main.m; sourceTree = SOURCE_ROOT; };
		469203A81A4AC52900A628D6 /* CloseButton@2x.png */ = {isa = PBXFileReference; lastKnownFileType = image.png; path = "CloseButton@2x.png"; sourceTree = "<group>"; };
		469203A91A4AC52900A628D6 /* QRCode@2x.png */ = {isa = PBXFileReference; lastKnownFileType = image.png; path = "QRCode@2x.png"; sourceTree = "<group>"; };
		469203AA1A4AC52900A628D6 /* TheGirlWithTheDragonTatoo@2x.jpg */ = {isa = PBXFileReference; lastKnownFileType = image.jpeg; path = "TheGirlWithTheDragonTatoo@2x.jpg"; sourceTree = "<group>"; };
		C946A3C61A24C21D00A12CC6 /* KlarnaOnDemandExample.app */ = {isa = PBXFileReference; explicitFileType = wrapper.application; includeInIndex = 0; path = KlarnaOnDemandExample.app; sourceTree = BUILT_PRODUCTS_DIR; };
/* End PBXFileReference section */

/* Begin PBXFrameworksBuildPhase section */
		C946A3C31A24C21D00A12CC6 /* Frameworks */ = {
			isa = PBXFrameworksBuildPhase;
			buildActionMask = 2147483647;
			files = (
				460FDB721A49A21200CF327B /* libKlarnaOnDemand.a in Frameworks */,
			);
			runOnlyForDeploymentPostprocessing = 0;
		};
/* End PBXFrameworksBuildPhase section */

/* Begin PBXGroup section */
		469203A71A4AC52900A628D6 /* Assets */ = {
			isa = PBXGroup;
			children = (
				469203A81A4AC52900A628D6 /* CloseButton@2x.png */,
				469203A91A4AC52900A628D6 /* QRCode@2x.png */,
				469203AA1A4AC52900A628D6 /* TheGirlWithTheDragonTatoo@2x.jpg */,
			);
			path = Assets;
			sourceTree = "<group>";
		};
		C946A3BD1A24C21D00A12CC6 = {
			isa = PBXGroup;
			children = (
				460FDB711A49A21200CF327B /* libKlarnaOnDemand.a */,
				460FDB6D1A499F2500CF327B /* KOD.bundle */,
				C946A3C81A24C21D00A12CC6 /* KlarnaOnDemandExample */,
				C946A3C71A24C21D00A12CC6 /* Products */,
			);
			sourceTree = "<group>";
		};
		C946A3C71A24C21D00A12CC6 /* Products */ = {
			isa = PBXGroup;
			children = (
				C946A3C61A24C21D00A12CC6 /* KlarnaOnDemandExample.app */,
			);
			name = Products;
			sourceTree = "<group>";
		};
		C946A3C81A24C21D00A12CC6 /* KlarnaOnDemandExample */ = {
			isa = PBXGroup;
			children = (
				469203A71A4AC52900A628D6 /* Assets */,
				460FDB861A49A3C500CF327B /* Images.xcassets */,
				460FDB801A49A3B500CF327B /* LaunchScreen.xib */,
				460FDB821A49A3B500CF327B /* Main.storyboard */,
				460FDB761A49A36000CF327B /* MainViewController.h */,
				460FDB771A49A36000CF327B /* MainViewController.m */,
				460FDB731A49A35200CF327B /* AppDelegate.h */,
				460FDB741A49A35200CF327B /* AppDelegate.m */,
				C946A3C91A24C21D00A12CC6 /* Supporting Files */,
			);
			path = KlarnaOnDemandExample;
			sourceTree = "<group>";
		};
		C946A3C91A24C21D00A12CC6 /* Supporting Files */ = {
			isa = PBXGroup;
			children = (
				460FDB8E1A49A3F100CF327B /* Info.plist */,
				460FDB8F1A49A3F100CF327B /* main.m */,
			);
			name = "Supporting Files";
			sourceTree = "<group>";
		};
/* End PBXGroup section */

/* Begin PBXNativeTarget section */
		C946A3C51A24C21D00A12CC6 /* KlarnaOnDemandExample */ = {
			isa = PBXNativeTarget;
			buildConfigurationList = C946A3E91A24C21D00A12CC6 /* Build configuration list for PBXNativeTarget "KlarnaOnDemandExample" */;
			buildPhases = (
				C946A3C21A24C21D00A12CC6 /* Sources */,
				C946A3C31A24C21D00A12CC6 /* Frameworks */,
				C946A3C41A24C21D00A12CC6 /* Resources */,
			);
			buildRules = (
			);
			dependencies = (
			);
			name = KlarnaOnDemandExample;
			productName = KlarnaOnDemandExample;
			productReference = C946A3C61A24C21D00A12CC6 /* KlarnaOnDemandExample.app */;
			productType = "com.apple.product-type.application";
		};
/* End PBXNativeTarget section */

/* Begin PBXProject section */
		C946A3BE1A24C21D00A12CC6 /* Project object */ = {
			isa = PBXProject;
			attributes = {
				LastUpgradeCheck = 0610;
				ORGANIZATIONNAME = Klarna;
				TargetAttributes = {
					C946A3C51A24C21D00A12CC6 = {
						CreatedOnToolsVersion = 6.1;
					};
				};
			};
			buildConfigurationList = C946A3C11A24C21D00A12CC6 /* Build configuration list for PBXProject "KlarnaOnDemandExample" */;
			compatibilityVersion = "Xcode 3.2";
			developmentRegion = English;
			hasScannedForEncodings = 0;
			knownRegions = (
				en,
				Base,
			);
			mainGroup = C946A3BD1A24C21D00A12CC6;
			productRefGroup = C946A3C71A24C21D00A12CC6 /* Products */;
			projectDirPath = "";
			projectRoot = "";
			targets = (
				C946A3C51A24C21D00A12CC6 /* KlarnaOnDemandExample */,
			);
		};
/* End PBXProject section */

/* Begin PBXResourcesBuildPhase section */
		C946A3C41A24C21D00A12CC6 /* Resources */ = {
			isa = PBXResourcesBuildPhase;
			buildActionMask = 2147483647;
			files = (
				469203AC1A4AC52900A628D6 /* QRCode@2x.png in Resources */,
				469203AD1A4AC52900A628D6 /* TheGirlWithTheDragonTatoo@2x.jpg in Resources */,
				469203AB1A4AC52900A628D6 /* CloseButton@2x.png in Resources */,
				460FDB851A49A3B500CF327B /* Main.storyboard in Resources */,
				460FDB871A49A3C500CF327B /* Images.xcassets in Resources */,
				460FDB6E1A499F2500CF327B /* KOD.bundle in Resources */,
				460FDB841A49A3B500CF327B /* LaunchScreen.xib in Resources */,
			);
			runOnlyForDeploymentPostprocessing = 0;
		};
/* End PBXResourcesBuildPhase section */

/* Begin PBXSourcesBuildPhase section */
		C946A3C21A24C21D00A12CC6 /* Sources */ = {
			isa = PBXSourcesBuildPhase;
			buildActionMask = 2147483647;
			files = (
				460FDB751A49A35200CF327B /* AppDelegate.m in Sources */,
				460FDB911A49A3F100CF327B /* main.m in Sources */,
				460FDB781A49A36000CF327B /* MainViewController.m in Sources */,
			);
			runOnlyForDeploymentPostprocessing = 0;
		};
/* End PBXSourcesBuildPhase section */

/* Begin PBXVariantGroup section */
		460FDB801A49A3B500CF327B /* LaunchScreen.xib */ = {
			isa = PBXVariantGroup;
			children = (
				460FDB811A49A3B500CF327B /* Base */,
			);
			name = LaunchScreen.xib;
			sourceTree = "<group>";
		};
		460FDB821A49A3B500CF327B /* Main.storyboard */ = {
			isa = PBXVariantGroup;
			children = (
				460FDB831A49A3B500CF327B /* Base */,
			);
			name = Main.storyboard;
			sourceTree = "<group>";
		};
/* End PBXVariantGroup section */

/* Begin XCBuildConfiguration section */
		C946A3E71A24C21D00A12CC6 /* Debug */ = {
			isa = XCBuildConfiguration;
			buildSettings = {
				ALWAYS_SEARCH_USER_PATHS = NO;
				CLANG_CXX_LANGUAGE_STANDARD = "gnu++0x";
				CLANG_CXX_LIBRARY = "libc++";
				CLANG_ENABLE_MODULES = YES;
				CLANG_ENABLE_OBJC_ARC = YES;
				CLANG_WARN_BOOL_CONVERSION = YES;
				CLANG_WARN_CONSTANT_CONVERSION = YES;
				CLANG_WARN_DIRECT_OBJC_ISA_USAGE = YES_ERROR;
				CLANG_WARN_EMPTY_BODY = YES;
				CLANG_WARN_ENUM_CONVERSION = YES;
				CLANG_WARN_INT_CONVERSION = YES;
				CLANG_WARN_OBJC_ROOT_CLASS = YES_ERROR;
				CLANG_WARN_UNREACHABLE_CODE = YES;
				CLANG_WARN__DUPLICATE_METHOD_MATCH = YES;
				"CODE_SIGN_IDENTITY[sdk=iphoneos*]" = "iPhone Developer";
				COPY_PHASE_STRIP = NO;
				ENABLE_STRICT_OBJC_MSGSEND = YES;
				GCC_C_LANGUAGE_STANDARD = gnu99;
				GCC_DYNAMIC_NO_PIC = NO;
				GCC_OPTIMIZATION_LEVEL = 0;
				GCC_PREPROCESSOR_DEFINITIONS = (
					"DEBUG=1",
					"$(inherited)",
				);
				GCC_SYMBOLS_PRIVATE_EXTERN = NO;
				GCC_WARN_64_TO_32_BIT_CONVERSION = YES;
				GCC_WARN_ABOUT_RETURN_TYPE = YES_ERROR;
				GCC_WARN_UNDECLARED_SELECTOR = YES;
				GCC_WARN_UNINITIALIZED_AUTOS = YES_AGGRESSIVE;
				GCC_WARN_UNUSED_FUNCTION = YES;
				GCC_WARN_UNUSED_VARIABLE = YES;
				IPHONEOS_DEPLOYMENT_TARGET = 7.0;
				MTL_ENABLE_DEBUG_INFO = YES;
				ONLY_ACTIVE_ARCH = YES;
				SDKROOT = iphoneos;
				USER_HEADER_SEARCH_PATHS = "../**";
			};
			name = Debug;
		};
		C946A3E81A24C21D00A12CC6 /* Release */ = {
			isa = XCBuildConfiguration;
			buildSettings = {
				ALWAYS_SEARCH_USER_PATHS = NO;
				CLANG_CXX_LANGUAGE_STANDARD = "gnu++0x";
				CLANG_CXX_LIBRARY = "libc++";
				CLANG_ENABLE_MODULES = YES;
				CLANG_ENABLE_OBJC_ARC = YES;
				CLANG_WARN_BOOL_CONVERSION = YES;
				CLANG_WARN_CONSTANT_CONVERSION = YES;
				CLANG_WARN_DIRECT_OBJC_ISA_USAGE = YES_ERROR;
				CLANG_WARN_EMPTY_BODY = YES;
				CLANG_WARN_ENUM_CONVERSION = YES;
				CLANG_WARN_INT_CONVERSION = YES;
				CLANG_WARN_OBJC_ROOT_CLASS = YES_ERROR;
				CLANG_WARN_UNREACHABLE_CODE = YES;
				CLANG_WARN__DUPLICATE_METHOD_MATCH = YES;
				"CODE_SIGN_IDENTITY[sdk=iphoneos*]" = "iPhone Developer";
				COPY_PHASE_STRIP = YES;
				ENABLE_NS_ASSERTIONS = NO;
				ENABLE_STRICT_OBJC_MSGSEND = YES;
				GCC_C_LANGUAGE_STANDARD = gnu99;
				GCC_WARN_64_TO_32_BIT_CONVERSION = YES;
				GCC_WARN_ABOUT_RETURN_TYPE = YES_ERROR;
				GCC_WARN_UNDECLARED_SELECTOR = YES;
				GCC_WARN_UNINITIALIZED_AUTOS = YES_AGGRESSIVE;
				GCC_WARN_UNUSED_FUNCTION = YES;
				GCC_WARN_UNUSED_VARIABLE = YES;
				IPHONEOS_DEPLOYMENT_TARGET = 7.0;
				MTL_ENABLE_DEBUG_INFO = NO;
				SDKROOT = iphoneos;
				USER_HEADER_SEARCH_PATHS = "../**";
				VALIDATE_PRODUCT = YES;
			};
			name = Release;
		};
		C946A3EA1A24C21D00A12CC6 /* Debug */ = {
			isa = XCBuildConfiguration;
			buildSettings = {
				ASSETCATALOG_COMPILER_APPICON_NAME = AppIcon;
				INFOPLIST_FILE = KlarnaOnDemandExample/Info.plist;
				IPHONEOS_DEPLOYMENT_TARGET = 7.0;
				LD_RUNPATH_SEARCH_PATHS = "$(inherited) @executable_path/Frameworks";
				OTHER_LDFLAGS = (
					"-ObjC",
					"-all_load",
				);
				PRODUCT_NAME = KlarnaOnDemandExample;
			};
			name = Debug;
		};
		C946A3EB1A24C21D00A12CC6 /* Release */ = {
			isa = XCBuildConfiguration;
			buildSettings = {
				ASSETCATALOG_COMPILER_APPICON_NAME = AppIcon;
				INFOPLIST_FILE = KlarnaOnDemandExample/Info.plist;
				IPHONEOS_DEPLOYMENT_TARGET = 7.0;
				LD_RUNPATH_SEARCH_PATHS = "$(inherited) @executable_path/Frameworks";
				OTHER_LDFLAGS = (
					"-ObjC",
					"-all_load",
				);
				PRODUCT_NAME = KlarnaOnDemandExample;
			};
			name = Release;
		};
/* End XCBuildConfiguration section */

/* Begin XCConfigurationList section */
		C946A3C11A24C21D00A12CC6 /* Build configuration list for PBXProject "KlarnaOnDemandExample" */ = {
			isa = XCConfigurationList;
			buildConfigurations = (
				C946A3E71A24C21D00A12CC6 /* Debug */,
				C946A3E81A24C21D00A12CC6 /* Release */,
			);
			defaultConfigurationIsVisible = 0;
			defaultConfigurationName = Release;
		};
		C946A3E91A24C21D00A12CC6 /* Build configuration list for PBXNativeTarget "KlarnaOnDemandExample" */ = {
			isa = XCConfigurationList;
			buildConfigurations = (
				C946A3EA1A24C21D00A12CC6 /* Debug */,
				C946A3EB1A24C21D00A12CC6 /* Release */,
			);
			defaultConfigurationIsVisible = 0;
			defaultConfigurationName = Release;
		};
/* End XCConfigurationList section */
	};
	rootObject = C946A3BE1A24C21D00A12CC6 /* Project object */;
}
